// !$*UTF8*$!
{
	archiveVersion = 1;
	classes = {
	};
	objectVersion = 52;
	objects = {

/* Begin PBXBuildFile section */
		1031E7FE25CAFEAB00F3C1DF /* Assets.xcassets in Resources */ = {isa = PBXBuildFile; fileRef = 1031E7FD25CAFEAB00F3C1DF /* Assets.xcassets */; };
		1031E80125CAFEAB00F3C1DF /* Preview Assets.xcassets in Resources */ = {isa = PBXBuildFile; fileRef = 1031E80025CAFEAB00F3C1DF /* Preview Assets.xcassets */; };
		1031E80425CAFEAB00F3C1DF /* LaunchScreen.storyboard in Resources */ = {isa = PBXBuildFile; fileRef = 1031E80225CAFEAB00F3C1DF /* LaunchScreen.storyboard */; };
		1031E80F25CAFEAC00F3C1DF /* HobbyTests.swift in Sources */ = {isa = PBXBuildFile; fileRef = 1031E80E25CAFEAC00F3C1DF /* HobbyTests.swift */; };
		1031E81A25CB008600F3C1DF /* .travis.yml in Resources */ = {isa = PBXBuildFile; fileRef = 1031E81925CB008600F3C1DF /* .travis.yml */; };
		1031E82025CB0BBB00F3C1DF /* .swiftlint.yml in Resources */ = {isa = PBXBuildFile; fileRef = 1031E81F25CB0BBB00F3C1DF /* .swiftlint.yml */; };
		1031E82325CB110400F3C1DF /* Alamofire in Frameworks */ = {isa = PBXBuildFile; productRef = 1031E82225CB110400F3C1DF /* Alamofire */; };
		1031E82625CB125A00F3C1DF /* SDWebImageSwiftUI in Frameworks */ = {isa = PBXBuildFile; productRef = 1031E82525CB125A00F3C1DF /* SDWebImageSwiftUI */; };
		1031E82925CB134500F3C1DF /* Realm in Frameworks */ = {isa = PBXBuildFile; productRef = 1031E82825CB134500F3C1DF /* Realm */; };
		1031E82B25CB134500F3C1DF /* RealmSwift in Frameworks */ = {isa = PBXBuildFile; productRef = 1031E82A25CB134500F3C1DF /* RealmSwift */; };
		1031E83725CB16DC00F3C1DF /* SportsDataSource.swift in Sources */ = {isa = PBXBuildFile; fileRef = 1031E82E25CB16DC00F3C1DF /* SportsDataSource.swift */; };
		1031E83825CB16DC00F3C1DF /* TravelDataSource.swift in Sources */ = {isa = PBXBuildFile; fileRef = 1031E82F25CB16DC00F3C1DF /* TravelDataSource.swift */; };
		1031E83925CB16DC00F3C1DF /* TravelRepository.swift in Sources */ = {isa = PBXBuildFile; fileRef = 1031E83125CB16DC00F3C1DF /* TravelRepository.swift */; };
		1031E83A25CB16DC00F3C1DF /* SportsRepository.swift in Sources */ = {isa = PBXBuildFile; fileRef = 1031E83225CB16DC00F3C1DF /* SportsRepository.swift */; };
		1031E83B25CB16DC00F3C1DF /* GameRepository.swift in Sources */ = {isa = PBXBuildFile; fileRef = 1031E83325CB16DC00F3C1DF /* GameRepository.swift */; };
		1031E83C25CB16DC00F3C1DF /* MovieRepository.swift in Sources */ = {isa = PBXBuildFile; fileRef = 1031E83425CB16DC00F3C1DF /* MovieRepository.swift */; };
		1031E83D25CB16DC00F3C1DF /* GameDataSource.swift in Sources */ = {isa = PBXBuildFile; fileRef = 1031E83525CB16DC00F3C1DF /* GameDataSource.swift */; };
		1031E83E25CB16DC00F3C1DF /* MovieDataSource.swift in Sources */ = {isa = PBXBuildFile; fileRef = 1031E83625CB16DC00F3C1DF /* MovieDataSource.swift */; };
		1031E84925CB1B2300F3C1DF /* MovieLocaleDataSource.swift in Sources */ = {isa = PBXBuildFile; fileRef = 1031E84025CB1B2300F3C1DF /* MovieLocaleDataSource.swift */; };
		1031E84A25CB1B2300F3C1DF /* GameLocaleDataSource.swift in Sources */ = {isa = PBXBuildFile; fileRef = 1031E84125CB1B2300F3C1DF /* GameLocaleDataSource.swift */; };
		1031E84B25CB1B2300F3C1DF /* MovieLocaleRepository.swift in Sources */ = {isa = PBXBuildFile; fileRef = 1031E84325CB1B2300F3C1DF /* MovieLocaleRepository.swift */; };
		1031E84C25CB1B2300F3C1DF /* SportLocaleRepository.swift in Sources */ = {isa = PBXBuildFile; fileRef = 1031E84425CB1B2300F3C1DF /* SportLocaleRepository.swift */; };
		1031E84D25CB1B2300F3C1DF /* GameLocaleRepository.swift in Sources */ = {isa = PBXBuildFile; fileRef = 1031E84525CB1B2300F3C1DF /* GameLocaleRepository.swift */; };
		1031E84E25CB1B2300F3C1DF /* TravelLocaleRepository.swift in Sources */ = {isa = PBXBuildFile; fileRef = 1031E84625CB1B2300F3C1DF /* TravelLocaleRepository.swift */; };
		1031E84F25CB1B2300F3C1DF /* SportLocaleDataSource.swift in Sources */ = {isa = PBXBuildFile; fileRef = 1031E84725CB1B2300F3C1DF /* SportLocaleDataSource.swift */; };
		1031E85025CB1B2300F3C1DF /* TravelLocaleDataSource.swift in Sources */ = {isa = PBXBuildFile; fileRef = 1031E84825CB1B2300F3C1DF /* TravelLocaleDataSource.swift */; };
		1031E85825CB1D4600F3C1DF /* SportsEntity.swift in Sources */ = {isa = PBXBuildFile; fileRef = 1031E85325CB1D4600F3C1DF /* SportsEntity.swift */; };
		1031E85925CB1D4600F3C1DF /* GameEntity.swift in Sources */ = {isa = PBXBuildFile; fileRef = 1031E85425CB1D4600F3C1DF /* GameEntity.swift */; };
		1031E85A25CB1D4600F3C1DF /* ProfileEntity.swift in Sources */ = {isa = PBXBuildFile; fileRef = 1031E85525CB1D4600F3C1DF /* ProfileEntity.swift */; };
		1031E85B25CB1D4600F3C1DF /* TravelEntity.swift in Sources */ = {isa = PBXBuildFile; fileRef = 1031E85625CB1D4600F3C1DF /* TravelEntity.swift */; };
		1031E85C25CB1D4600F3C1DF /* MovieEntity.swift in Sources */ = {isa = PBXBuildFile; fileRef = 1031E85725CB1D4600F3C1DF /* MovieEntity.swift */; };
		1031E87625CB1DC900F3C1DF /* CustomeError.swift in Sources */ = {isa = PBXBuildFile; fileRef = 1031E86025CB1DC900F3C1DF /* CustomeError.swift */; };
		1031E87725CB1DC900F3C1DF /* GeneralAttribute.swift in Sources */ = {isa = PBXBuildFile; fileRef = 1031E86125CB1DC900F3C1DF /* GeneralAttribute.swift */; };
		1031E87925CB1DC900F3C1DF /* APIMovie.swift in Sources */ = {isa = PBXBuildFile; fileRef = 1031E86425CB1DC900F3C1DF /* APIMovie.swift */; };
		1031E87A25CB1DC900F3C1DF /* APIGame.swift in Sources */ = {isa = PBXBuildFile; fileRef = 1031E86525CB1DC900F3C1DF /* APIGame.swift */; };
		1031E87B25CB1DC900F3C1DF /* APITravel.swift in Sources */ = {isa = PBXBuildFile; fileRef = 1031E86625CB1DC900F3C1DF /* APITravel.swift */; };
		1031E87C25CB1DC900F3C1DF /* APISport.swift in Sources */ = {isa = PBXBuildFile; fileRef = 1031E86725CB1DC900F3C1DF /* APISport.swift */; };
		1031E87D25CB1DC900F3C1DF /* API.swift in Sources */ = {isa = PBXBuildFile; fileRef = 1031E86825CB1DC900F3C1DF /* API.swift */; };
		1031E87E25CB1DC900F3C1DF /* ConstantVal.swift in Sources */ = {isa = PBXBuildFile; fileRef = 1031E86925CB1DC900F3C1DF /* ConstantVal.swift */; };
		1031E87F25CB1DC900F3C1DF /* DataLocaleMapper.swift in Sources */ = {isa = PBXBuildFile; fileRef = 1031E86B25CB1DC900F3C1DF /* DataLocaleMapper.swift */; };
		1031E88025CB1DC900F3C1DF /* DataMapper.swift in Sources */ = {isa = PBXBuildFile; fileRef = 1031E86C25CB1DC900F3C1DF /* DataMapper.swift */; };
		1031E88125CB1DC900F3C1DF /* DescriptionViewUI.swift in Sources */ = {isa = PBXBuildFile; fileRef = 1031E86E25CB1DC900F3C1DF /* DescriptionViewUI.swift */; };
		1031E88225CB1DC900F3C1DF /* MapViewUI.swift in Sources */ = {isa = PBXBuildFile; fileRef = 1031E86F25CB1DC900F3C1DF /* MapViewUI.swift */; };
		1031E88325CB1DC900F3C1DF /* ActivityIndicator.swift in Sources */ = {isa = PBXBuildFile; fileRef = 1031E87025CB1DC900F3C1DF /* ActivityIndicator.swift */; };
		1031E88425CB1DC900F3C1DF /* SubHeadLineUI.swift in Sources */ = {isa = PBXBuildFile; fileRef = 1031E87125CB1DC900F3C1DF /* SubHeadLineUI.swift */; };
		1031E88525CB1DC900F3C1DF /* TabFavoriteViewUI.swift in Sources */ = {isa = PBXBuildFile; fileRef = 1031E87225CB1DC900F3C1DF /* TabFavoriteViewUI.swift */; };
		1031E88625CB1DC900F3C1DF /* LoadingViewUI.swift in Sources */ = {isa = PBXBuildFile; fileRef = 1031E87325CB1DC900F3C1DF /* LoadingViewUI.swift */; };
		1031E88725CB1DC900F3C1DF /* ImageViewUI.swift in Sources */ = {isa = PBXBuildFile; fileRef = 1031E87425CB1DC900F3C1DF /* ImageViewUI.swift */; };
		1031E88825CB1DC900F3C1DF /* HeadLineViewUI.swift in Sources */ = {isa = PBXBuildFile; fileRef = 1031E87525CB1DC900F3C1DF /* HeadLineViewUI.swift */; };
		1031E88B25CB1E2D00F3C1DF /* Injection.swift in Sources */ = {isa = PBXBuildFile; fileRef = 1031E88A25CB1E2D00F3C1DF /* Injection.swift */; };
		1031E8AC25CB1E4A00F3C1DF /* MovieProtocol.swift in Sources */ = {isa = PBXBuildFile; fileRef = 1031E88E25CB1E4900F3C1DF /* MovieProtocol.swift */; };
		1031E8AD25CB1E4A00F3C1DF /* MovieDetailInteractor.swift in Sources */ = {isa = PBXBuildFile; fileRef = 1031E88F25CB1E4900F3C1DF /* MovieDetailInteractor.swift */; };
		1031E8AE25CB1E4A00F3C1DF /* MovieInteractor.swift in Sources */ = {isa = PBXBuildFile; fileRef = 1031E89025CB1E4900F3C1DF /* MovieInteractor.swift */; };
		1031E8AF25CB1E4A00F3C1DF /* MovieDetailProtocol.swift in Sources */ = {isa = PBXBuildFile; fileRef = 1031E89125CB1E4900F3C1DF /* MovieDetailProtocol.swift */; };
		1031E8B025CB1E4A00F3C1DF /* MovieFavoriteInteractor.swift in Sources */ = {isa = PBXBuildFile; fileRef = 1031E89225CB1E4900F3C1DF /* MovieFavoriteInteractor.swift */; };
		1031E8B125CB1E4A00F3C1DF /* MovieFavoriteProtocol.swift in Sources */ = {isa = PBXBuildFile; fileRef = 1031E89325CB1E4900F3C1DF /* MovieFavoriteProtocol.swift */; };
		1031E8B225CB1E4A00F3C1DF /* GameDetailProtocol.swift in Sources */ = {isa = PBXBuildFile; fileRef = 1031E89525CB1E4900F3C1DF /* GameDetailProtocol.swift */; };
		1031E8B325CB1E4A00F3C1DF /* GameProtocol.swift in Sources */ = {isa = PBXBuildFile; fileRef = 1031E89625CB1E4900F3C1DF /* GameProtocol.swift */; };
		1031E8B425CB1E4A00F3C1DF /* GameDetailInteractor.swift in Sources */ = {isa = PBXBuildFile; fileRef = 1031E89725CB1E4900F3C1DF /* GameDetailInteractor.swift */; };
		1031E8B525CB1E4A00F3C1DF /* GameInteractor.swift in Sources */ = {isa = PBXBuildFile; fileRef = 1031E89825CB1E4900F3C1DF /* GameInteractor.swift */; };
		1031E8B625CB1E4A00F3C1DF /* GameFavoriteInteractor.swift in Sources */ = {isa = PBXBuildFile; fileRef = 1031E89925CB1E4900F3C1DF /* GameFavoriteInteractor.swift */; };
		1031E8B725CB1E4A00F3C1DF /* GameFavoriteProtocol.swift in Sources */ = {isa = PBXBuildFile; fileRef = 1031E89A25CB1E4900F3C1DF /* GameFavoriteProtocol.swift */; };
		1031E8B825CB1E4A00F3C1DF /* SportsProtocol.swift in Sources */ = {isa = PBXBuildFile; fileRef = 1031E89C25CB1E4900F3C1DF /* SportsProtocol.swift */; };
		1031E8B925CB1E4A00F3C1DF /* SportsFavoriteInteractor.swift in Sources */ = {isa = PBXBuildFile; fileRef = 1031E89D25CB1E4900F3C1DF /* SportsFavoriteInteractor.swift */; };
		1031E8BA25CB1E4A00F3C1DF /* SportsFavoriteProtocol.swift in Sources */ = {isa = PBXBuildFile; fileRef = 1031E89E25CB1E4900F3C1DF /* SportsFavoriteProtocol.swift */; };
		1031E8BB25CB1E4A00F3C1DF /* SportsInteractor.swift in Sources */ = {isa = PBXBuildFile; fileRef = 1031E89F25CB1E4900F3C1DF /* SportsInteractor.swift */; };
		1031E8BC25CB1E4A00F3C1DF /* SportsDetailProtocol.swift in Sources */ = {isa = PBXBuildFile; fileRef = 1031E8A025CB1E4900F3C1DF /* SportsDetailProtocol.swift */; };
		1031E8BD25CB1E4A00F3C1DF /* SportsDetailInteractor.swift in Sources */ = {isa = PBXBuildFile; fileRef = 1031E8A125CB1E4900F3C1DF /* SportsDetailInteractor.swift */; };
		1031E8BE25CB1E4A00F3C1DF /* ProfileProtocol.swift in Sources */ = {isa = PBXBuildFile; fileRef = 1031E8A325CB1E4900F3C1DF /* ProfileProtocol.swift */; };
		1031E8BF25CB1E4A00F3C1DF /* ProfileInteractor.swift in Sources */ = {isa = PBXBuildFile; fileRef = 1031E8A425CB1E4900F3C1DF /* ProfileInteractor.swift */; };
		1031E8C025CB1E4A00F3C1DF /* TravelFavoriteProtocol.swift in Sources */ = {isa = PBXBuildFile; fileRef = 1031E8A625CB1E4900F3C1DF /* TravelFavoriteProtocol.swift */; };
		1031E8C125CB1E4A00F3C1DF /* TravelDetailProtocol.swift in Sources */ = {isa = PBXBuildFile; fileRef = 1031E8A725CB1E4900F3C1DF /* TravelDetailProtocol.swift */; };
		1031E8C225CB1E4A00F3C1DF /* TravelFavoriteInteractor.swift in Sources */ = {isa = PBXBuildFile; fileRef = 1031E8A825CB1E4900F3C1DF /* TravelFavoriteInteractor.swift */; };
		1031E8C325CB1E4A00F3C1DF /* TravelDetailInteractor.swift in Sources */ = {isa = PBXBuildFile; fileRef = 1031E8A925CB1E4900F3C1DF /* TravelDetailInteractor.swift */; };
		1031E8C425CB1E4A00F3C1DF /* TravelInteractor.swift in Sources */ = {isa = PBXBuildFile; fileRef = 1031E8AA25CB1E4900F3C1DF /* TravelInteractor.swift */; };
		1031E8C525CB1E4A00F3C1DF /* TravelProtocol.swift in Sources */ = {isa = PBXBuildFile; fileRef = 1031E8AB25CB1E4A00F3C1DF /* TravelProtocol.swift */; };
		1031E8EE25CB1E6100F3C1DF /* MovieDetailView.swift in Sources */ = {isa = PBXBuildFile; fileRef = 1031E8C825CB1E6000F3C1DF /* MovieDetailView.swift */; };
		1031E8EF25CB1E6100F3C1DF /* MoviePresenter.swift in Sources */ = {isa = PBXBuildFile; fileRef = 1031E8C925CB1E6000F3C1DF /* MoviePresenter.swift */; };
		1031E8F025CB1E6100F3C1DF /* MovieRouter.swift in Sources */ = {isa = PBXBuildFile; fileRef = 1031E8CA25CB1E6000F3C1DF /* MovieRouter.swift */; };
		1031E8F125CB1E6100F3C1DF /* MovieView.swift in Sources */ = {isa = PBXBuildFile; fileRef = 1031E8CB25CB1E6000F3C1DF /* MovieView.swift */; };
		1031E8F225CB1E6100F3C1DF /* MovieRowsView.swift in Sources */ = {isa = PBXBuildFile; fileRef = 1031E8CC25CB1E6000F3C1DF /* MovieRowsView.swift */; };
		1031E8F325CB1E6100F3C1DF /* MovieDetailPresenter.swift in Sources */ = {isa = PBXBuildFile; fileRef = 1031E8CD25CB1E6000F3C1DF /* MovieDetailPresenter.swift */; };
		1031E8F425CB1E6100F3C1DF /* MovieFavoriteView.swift in Sources */ = {isa = PBXBuildFile; fileRef = 1031E8CE25CB1E6000F3C1DF /* MovieFavoriteView.swift */; };
		1031E8F525CB1E6100F3C1DF /* MovieFavoritePresenter.swift in Sources */ = {isa = PBXBuildFile; fileRef = 1031E8CF25CB1E6000F3C1DF /* MovieFavoritePresenter.swift */; };
		1031E8F625CB1E6100F3C1DF /* GameView.swift in Sources */ = {isa = PBXBuildFile; fileRef = 1031E8D125CB1E6000F3C1DF /* GameView.swift */; };
		1031E8F725CB1E6100F3C1DF /* GamePresenter.swift in Sources */ = {isa = PBXBuildFile; fileRef = 1031E8D225CB1E6000F3C1DF /* GamePresenter.swift */; };
		1031E8F825CB1E6100F3C1DF /* GameDetailView.swift in Sources */ = {isa = PBXBuildFile; fileRef = 1031E8D325CB1E6000F3C1DF /* GameDetailView.swift */; };
		1031E8F925CB1E6100F3C1DF /* GameFavoriteView.swift in Sources */ = {isa = PBXBuildFile; fileRef = 1031E8D425CB1E6000F3C1DF /* GameFavoriteView.swift */; };
		1031E8FA25CB1E6100F3C1DF /* GameRowsView.swift in Sources */ = {isa = PBXBuildFile; fileRef = 1031E8D525CB1E6000F3C1DF /* GameRowsView.swift */; };
		1031E8FB25CB1E6100F3C1DF /* GameFavoritePresenter.swift in Sources */ = {isa = PBXBuildFile; fileRef = 1031E8D625CB1E6000F3C1DF /* GameFavoritePresenter.swift */; };
		1031E8FC25CB1E6100F3C1DF /* GameDetailPresenter.swift in Sources */ = {isa = PBXBuildFile; fileRef = 1031E8D725CB1E6000F3C1DF /* GameDetailPresenter.swift */; };
		1031E8FD25CB1E6100F3C1DF /* GameRouter.swift in Sources */ = {isa = PBXBuildFile; fileRef = 1031E8D825CB1E6000F3C1DF /* GameRouter.swift */; };
		1031E8FE25CB1E6100F3C1DF /* SportView.swift in Sources */ = {isa = PBXBuildFile; fileRef = 1031E8DA25CB1E6000F3C1DF /* SportView.swift */; };
		1031E8FF25CB1E6100F3C1DF /* SportFavoriteView.swift in Sources */ = {isa = PBXBuildFile; fileRef = 1031E8DB25CB1E6000F3C1DF /* SportFavoriteView.swift */; };
		1031E90025CB1E6100F3C1DF /* SportRowsView.swift in Sources */ = {isa = PBXBuildFile; fileRef = 1031E8DC25CB1E6000F3C1DF /* SportRowsView.swift */; };
		1031E90125CB1E6100F3C1DF /* SportsDetailPresenter.swift in Sources */ = {isa = PBXBuildFile; fileRef = 1031E8DD25CB1E6000F3C1DF /* SportsDetailPresenter.swift */; };
		1031E90225CB1E6100F3C1DF /* SportsFavoritePresenter.swift in Sources */ = {isa = PBXBuildFile; fileRef = 1031E8DE25CB1E6000F3C1DF /* SportsFavoritePresenter.swift */; };
		1031E90325CB1E6100F3C1DF /* SportsPresenter.swift in Sources */ = {isa = PBXBuildFile; fileRef = 1031E8DF25CB1E6000F3C1DF /* SportsPresenter.swift */; };
		1031E90425CB1E6100F3C1DF /* SportDetailView.swift in Sources */ = {isa = PBXBuildFile; fileRef = 1031E8E025CB1E6000F3C1DF /* SportDetailView.swift */; };
		1031E90525CB1E6100F3C1DF /* SportRouter.swift in Sources */ = {isa = PBXBuildFile; fileRef = 1031E8E125CB1E6000F3C1DF /* SportRouter.swift */; };
		1031E90625CB1E6100F3C1DF /* ProfilePresenter.swift in Sources */ = {isa = PBXBuildFile; fileRef = 1031E8E325CB1E6000F3C1DF /* ProfilePresenter.swift */; };
		1031E90725CB1E6100F3C1DF /* ProfileView.swift in Sources */ = {isa = PBXBuildFile; fileRef = 1031E8E425CB1E6000F3C1DF /* ProfileView.swift */; };
		1031E90825CB1E6100F3C1DF /* TravelView.swift in Sources */ = {isa = PBXBuildFile; fileRef = 1031E8E625CB1E6000F3C1DF /* TravelView.swift */; };
		1031E90925CB1E6100F3C1DF /* TravelRowsView.swift in Sources */ = {isa = PBXBuildFile; fileRef = 1031E8E725CB1E6000F3C1DF /* TravelRowsView.swift */; };
		1031E90A25CB1E6100F3C1DF /* TravelRouter.swift in Sources */ = {isa = PBXBuildFile; fileRef = 1031E8E825CB1E6000F3C1DF /* TravelRouter.swift */; };
		1031E90B25CB1E6100F3C1DF /* TravelDetailView.swift in Sources */ = {isa = PBXBuildFile; fileRef = 1031E8E925CB1E6000F3C1DF /* TravelDetailView.swift */; };
		1031E90C25CB1E6100F3C1DF /* TravelPresenter.swift in Sources */ = {isa = PBXBuildFile; fileRef = 1031E8EA25CB1E6000F3C1DF /* TravelPresenter.swift */; };
		1031E90D25CB1E6100F3C1DF /* TravelDetailPresenter.swift in Sources */ = {isa = PBXBuildFile; fileRef = 1031E8EB25CB1E6000F3C1DF /* TravelDetailPresenter.swift */; };
		1031E90E25CB1E6100F3C1DF /* TravelFavoritePresenter.swift in Sources */ = {isa = PBXBuildFile; fileRef = 1031E8EC25CB1E6000F3C1DF /* TravelFavoritePresenter.swift */; };
		1031E90F25CB1E6100F3C1DF /* TravelFavoriteView.swift in Sources */ = {isa = PBXBuildFile; fileRef = 1031E8ED25CB1E6000F3C1DF /* TravelFavoriteView.swift */; };
		1031E91425CB2E4C00F3C1DF /* AppDelegate.swift in Sources */ = {isa = PBXBuildFile; fileRef = 1031E91125CB2E4C00F3C1DF /* AppDelegate.swift */; };
		1031E91525CB2E4C00F3C1DF /* ContentView.swift in Sources */ = {isa = PBXBuildFile; fileRef = 1031E91225CB2E4C00F3C1DF /* ContentView.swift */; };
		1031E91625CB2E4C00F3C1DF /* SceneDelegate.swift in Sources */ = {isa = PBXBuildFile; fileRef = 1031E91325CB2E4C00F3C1DF /* SceneDelegate.swift */; };
/* End PBXBuildFile section */

/* Begin PBXContainerItemProxy section */
		1031E80B25CAFEAC00F3C1DF /* PBXContainerItemProxy */ = {
			isa = PBXContainerItemProxy;
			containerPortal = 1031E7EC25CAFEAB00F3C1DF /* Project object */;
			proxyType = 1;
			remoteGlobalIDString = 1031E7F325CAFEAB00F3C1DF;
			remoteInfo = Hobby;
		};
/* End PBXContainerItemProxy section */

/* Begin PBXFileReference section */
		1031E7F425CAFEAB00F3C1DF /* Hobby.app */ = {isa = PBXFileReference; explicitFileType = wrapper.application; includeInIndex = 0; path = Hobby.app; sourceTree = BUILT_PRODUCTS_DIR; };
		1031E7FD25CAFEAB00F3C1DF /* Assets.xcassets */ = {isa = PBXFileReference; lastKnownFileType = folder.assetcatalog; path = Assets.xcassets; sourceTree = "<group>"; };
		1031E80025CAFEAB00F3C1DF /* Preview Assets.xcassets */ = {isa = PBXFileReference; lastKnownFileType = folder.assetcatalog; path = "Preview Assets.xcassets"; sourceTree = "<group>"; };
		1031E80325CAFEAB00F3C1DF /* Base */ = {isa = PBXFileReference; lastKnownFileType = file.storyboard; name = Base; path = Base.lproj/LaunchScreen.storyboard; sourceTree = "<group>"; };
		1031E80525CAFEAB00F3C1DF /* Info.plist */ = {isa = PBXFileReference; lastKnownFileType = text.plist.xml; path = Info.plist; sourceTree = "<group>"; };
		1031E80A25CAFEAC00F3C1DF /* HobbyTests.xctest */ = {isa = PBXFileReference; explicitFileType = wrapper.cfbundle; includeInIndex = 0; path = HobbyTests.xctest; sourceTree = BUILT_PRODUCTS_DIR; };
		1031E80E25CAFEAC00F3C1DF /* HobbyTests.swift */ = {isa = PBXFileReference; lastKnownFileType = sourcecode.swift; path = HobbyTests.swift; sourceTree = "<group>"; };
		1031E81025CAFEAC00F3C1DF /* Info.plist */ = {isa = PBXFileReference; lastKnownFileType = text.plist.xml; path = Info.plist; sourceTree = "<group>"; };
		1031E81925CB008600F3C1DF /* .travis.yml */ = {isa = PBXFileReference; lastKnownFileType = text.yaml; path = .travis.yml; sourceTree = "<group>"; };
		1031E81F25CB0BBB00F3C1DF /* .swiftlint.yml */ = {isa = PBXFileReference; fileEncoding = 4; lastKnownFileType = text.yaml; path = .swiftlint.yml; sourceTree = "<group>"; };
		1031E82E25CB16DC00F3C1DF /* SportsDataSource.swift */ = {isa = PBXFileReference; fileEncoding = 4; lastKnownFileType = sourcecode.swift; path = SportsDataSource.swift; sourceTree = "<group>"; };
		1031E82F25CB16DC00F3C1DF /* TravelDataSource.swift */ = {isa = PBXFileReference; fileEncoding = 4; lastKnownFileType = sourcecode.swift; path = TravelDataSource.swift; sourceTree = "<group>"; };
		1031E83125CB16DC00F3C1DF /* TravelRepository.swift */ = {isa = PBXFileReference; fileEncoding = 4; lastKnownFileType = sourcecode.swift; path = TravelRepository.swift; sourceTree = "<group>"; };
		1031E83225CB16DC00F3C1DF /* SportsRepository.swift */ = {isa = PBXFileReference; fileEncoding = 4; lastKnownFileType = sourcecode.swift; path = SportsRepository.swift; sourceTree = "<group>"; };
		1031E83325CB16DC00F3C1DF /* GameRepository.swift */ = {isa = PBXFileReference; fileEncoding = 4; lastKnownFileType = sourcecode.swift; path = GameRepository.swift; sourceTree = "<group>"; };
		1031E83425CB16DC00F3C1DF /* MovieRepository.swift */ = {isa = PBXFileReference; fileEncoding = 4; lastKnownFileType = sourcecode.swift; path = MovieRepository.swift; sourceTree = "<group>"; };
		1031E83525CB16DC00F3C1DF /* GameDataSource.swift */ = {isa = PBXFileReference; fileEncoding = 4; lastKnownFileType = sourcecode.swift; path = GameDataSource.swift; sourceTree = "<group>"; };
		1031E83625CB16DC00F3C1DF /* MovieDataSource.swift */ = {isa = PBXFileReference; fileEncoding = 4; lastKnownFileType = sourcecode.swift; path = MovieDataSource.swift; sourceTree = "<group>"; };
		1031E84025CB1B2300F3C1DF /* MovieLocaleDataSource.swift */ = {isa = PBXFileReference; fileEncoding = 4; lastKnownFileType = sourcecode.swift; path = MovieLocaleDataSource.swift; sourceTree = "<group>"; };
		1031E84125CB1B2300F3C1DF /* GameLocaleDataSource.swift */ = {isa = PBXFileReference; fileEncoding = 4; lastKnownFileType = sourcecode.swift; path = GameLocaleDataSource.swift; sourceTree = "<group>"; };
		1031E84325CB1B2300F3C1DF /* MovieLocaleRepository.swift */ = {isa = PBXFileReference; fileEncoding = 4; lastKnownFileType = sourcecode.swift; path = MovieLocaleRepository.swift; sourceTree = "<group>"; };
		1031E84425CB1B2300F3C1DF /* SportLocaleRepository.swift */ = {isa = PBXFileReference; fileEncoding = 4; lastKnownFileType = sourcecode.swift; path = SportLocaleRepository.swift; sourceTree = "<group>"; };
		1031E84525CB1B2300F3C1DF /* GameLocaleRepository.swift */ = {isa = PBXFileReference; fileEncoding = 4; lastKnownFileType = sourcecode.swift; path = GameLocaleRepository.swift; sourceTree = "<group>"; };
		1031E84625CB1B2300F3C1DF /* TravelLocaleRepository.swift */ = {isa = PBXFileReference; fileEncoding = 4; lastKnownFileType = sourcecode.swift; path = TravelLocaleRepository.swift; sourceTree = "<group>"; };
		1031E84725CB1B2300F3C1DF /* SportLocaleDataSource.swift */ = {isa = PBXFileReference; fileEncoding = 4; lastKnownFileType = sourcecode.swift; path = SportLocaleDataSource.swift; sourceTree = "<group>"; };
		1031E84825CB1B2300F3C1DF /* TravelLocaleDataSource.swift */ = {isa = PBXFileReference; fileEncoding = 4; lastKnownFileType = sourcecode.swift; path = TravelLocaleDataSource.swift; sourceTree = "<group>"; };
		1031E85325CB1D4600F3C1DF /* SportsEntity.swift */ = {isa = PBXFileReference; fileEncoding = 4; lastKnownFileType = sourcecode.swift; path = SportsEntity.swift; sourceTree = "<group>"; };
		1031E85425CB1D4600F3C1DF /* GameEntity.swift */ = {isa = PBXFileReference; fileEncoding = 4; lastKnownFileType = sourcecode.swift; path = GameEntity.swift; sourceTree = "<group>"; };
		1031E85525CB1D4600F3C1DF /* ProfileEntity.swift */ = {isa = PBXFileReference; fileEncoding = 4; lastKnownFileType = sourcecode.swift; path = ProfileEntity.swift; sourceTree = "<group>"; };
		1031E85625CB1D4600F3C1DF /* TravelEntity.swift */ = {isa = PBXFileReference; fileEncoding = 4; lastKnownFileType = sourcecode.swift; path = TravelEntity.swift; sourceTree = "<group>"; };
		1031E85725CB1D4600F3C1DF /* MovieEntity.swift */ = {isa = PBXFileReference; fileEncoding = 4; lastKnownFileType = sourcecode.swift; path = MovieEntity.swift; sourceTree = "<group>"; };
		1031E86025CB1DC900F3C1DF /* CustomeError.swift */ = {isa = PBXFileReference; fileEncoding = 4; lastKnownFileType = sourcecode.swift; path = CustomeError.swift; sourceTree = "<group>"; };
		1031E86125CB1DC900F3C1DF /* GeneralAttribute.swift */ = {isa = PBXFileReference; fileEncoding = 4; lastKnownFileType = sourcecode.swift; path = GeneralAttribute.swift; sourceTree = "<group>"; };
		1031E86425CB1DC900F3C1DF /* APIMovie.swift */ = {isa = PBXFileReference; fileEncoding = 4; lastKnownFileType = sourcecode.swift; path = APIMovie.swift; sourceTree = "<group>"; };
		1031E86525CB1DC900F3C1DF /* APIGame.swift */ = {isa = PBXFileReference; fileEncoding = 4; lastKnownFileType = sourcecode.swift; path = APIGame.swift; sourceTree = "<group>"; };
		1031E86625CB1DC900F3C1DF /* APITravel.swift */ = {isa = PBXFileReference; fileEncoding = 4; lastKnownFileType = sourcecode.swift; path = APITravel.swift; sourceTree = "<group>"; };
		1031E86725CB1DC900F3C1DF /* APISport.swift */ = {isa = PBXFileReference; fileEncoding = 4; lastKnownFileType = sourcecode.swift; path = APISport.swift; sourceTree = "<group>"; };
		1031E86825CB1DC900F3C1DF /* API.swift */ = {isa = PBXFileReference; fileEncoding = 4; lastKnownFileType = sourcecode.swift; path = API.swift; sourceTree = "<group>"; };
		1031E86925CB1DC900F3C1DF /* ConstantVal.swift */ = {isa = PBXFileReference; fileEncoding = 4; lastKnownFileType = sourcecode.swift; path = ConstantVal.swift; sourceTree = "<group>"; };
		1031E86B25CB1DC900F3C1DF /* DataLocaleMapper.swift */ = {isa = PBXFileReference; fileEncoding = 4; lastKnownFileType = sourcecode.swift; path = DataLocaleMapper.swift; sourceTree = "<group>"; };
		1031E86C25CB1DC900F3C1DF /* DataMapper.swift */ = {isa = PBXFileReference; fileEncoding = 4; lastKnownFileType = sourcecode.swift; path = DataMapper.swift; sourceTree = "<group>"; };
		1031E86E25CB1DC900F3C1DF /* DescriptionViewUI.swift */ = {isa = PBXFileReference; fileEncoding = 4; lastKnownFileType = sourcecode.swift; path = DescriptionViewUI.swift; sourceTree = "<group>"; };
		1031E86F25CB1DC900F3C1DF /* MapViewUI.swift */ = {isa = PBXFileReference; fileEncoding = 4; lastKnownFileType = sourcecode.swift; path = MapViewUI.swift; sourceTree = "<group>"; };
		1031E87025CB1DC900F3C1DF /* ActivityIndicator.swift */ = {isa = PBXFileReference; fileEncoding = 4; lastKnownFileType = sourcecode.swift; path = ActivityIndicator.swift; sourceTree = "<group>"; };
		1031E87125CB1DC900F3C1DF /* SubHeadLineUI.swift */ = {isa = PBXFileReference; fileEncoding = 4; lastKnownFileType = sourcecode.swift; path = SubHeadLineUI.swift; sourceTree = "<group>"; };
		1031E87225CB1DC900F3C1DF /* TabFavoriteViewUI.swift */ = {isa = PBXFileReference; fileEncoding = 4; lastKnownFileType = sourcecode.swift; path = TabFavoriteViewUI.swift; sourceTree = "<group>"; };
		1031E87325CB1DC900F3C1DF /* LoadingViewUI.swift */ = {isa = PBXFileReference; fileEncoding = 4; lastKnownFileType = sourcecode.swift; path = LoadingViewUI.swift; sourceTree = "<group>"; };
		1031E87425CB1DC900F3C1DF /* ImageViewUI.swift */ = {isa = PBXFileReference; fileEncoding = 4; lastKnownFileType = sourcecode.swift; path = ImageViewUI.swift; sourceTree = "<group>"; };
		1031E87525CB1DC900F3C1DF /* HeadLineViewUI.swift */ = {isa = PBXFileReference; fileEncoding = 4; lastKnownFileType = sourcecode.swift; path = HeadLineViewUI.swift; sourceTree = "<group>"; };
		1031E88A25CB1E2D00F3C1DF /* Injection.swift */ = {isa = PBXFileReference; fileEncoding = 4; lastKnownFileType = sourcecode.swift; path = Injection.swift; sourceTree = "<group>"; };
		1031E88E25CB1E4900F3C1DF /* MovieProtocol.swift */ = {isa = PBXFileReference; fileEncoding = 4; lastKnownFileType = sourcecode.swift; path = MovieProtocol.swift; sourceTree = "<group>"; };
		1031E88F25CB1E4900F3C1DF /* MovieDetailInteractor.swift */ = {isa = PBXFileReference; fileEncoding = 4; lastKnownFileType = sourcecode.swift; path = MovieDetailInteractor.swift; sourceTree = "<group>"; };
		1031E89025CB1E4900F3C1DF /* MovieInteractor.swift */ = {isa = PBXFileReference; fileEncoding = 4; lastKnownFileType = sourcecode.swift; path = MovieInteractor.swift; sourceTree = "<group>"; };
		1031E89125CB1E4900F3C1DF /* MovieDetailProtocol.swift */ = {isa = PBXFileReference; fileEncoding = 4; lastKnownFileType = sourcecode.swift; path = MovieDetailProtocol.swift; sourceTree = "<group>"; };
		1031E89225CB1E4900F3C1DF /* MovieFavoriteInteractor.swift */ = {isa = PBXFileReference; fileEncoding = 4; lastKnownFileType = sourcecode.swift; path = MovieFavoriteInteractor.swift; sourceTree = "<group>"; };
		1031E89325CB1E4900F3C1DF /* MovieFavoriteProtocol.swift */ = {isa = PBXFileReference; fileEncoding = 4; lastKnownFileType = sourcecode.swift; path = MovieFavoriteProtocol.swift; sourceTree = "<group>"; };
		1031E89525CB1E4900F3C1DF /* GameDetailProtocol.swift */ = {isa = PBXFileReference; fileEncoding = 4; lastKnownFileType = sourcecode.swift; path = GameDetailProtocol.swift; sourceTree = "<group>"; };
		1031E89625CB1E4900F3C1DF /* GameProtocol.swift */ = {isa = PBXFileReference; fileEncoding = 4; lastKnownFileType = sourcecode.swift; path = GameProtocol.swift; sourceTree = "<group>"; };
		1031E89725CB1E4900F3C1DF /* GameDetailInteractor.swift */ = {isa = PBXFileReference; fileEncoding = 4; lastKnownFileType = sourcecode.swift; path = GameDetailInteractor.swift; sourceTree = "<group>"; };
		1031E89825CB1E4900F3C1DF /* GameInteractor.swift */ = {isa = PBXFileReference; fileEncoding = 4; lastKnownFileType = sourcecode.swift; path = GameInteractor.swift; sourceTree = "<group>"; };
		1031E89925CB1E4900F3C1DF /* GameFavoriteInteractor.swift */ = {isa = PBXFileReference; fileEncoding = 4; lastKnownFileType = sourcecode.swift; path = GameFavoriteInteractor.swift; sourceTree = "<group>"; };
		1031E89A25CB1E4900F3C1DF /* GameFavoriteProtocol.swift */ = {isa = PBXFileReference; fileEncoding = 4; lastKnownFileType = sourcecode.swift; path = GameFavoriteProtocol.swift; sourceTree = "<group>"; };
		1031E89C25CB1E4900F3C1DF /* SportsProtocol.swift */ = {isa = PBXFileReference; fileEncoding = 4; lastKnownFileType = sourcecode.swift; path = SportsProtocol.swift; sourceTree = "<group>"; };
		1031E89D25CB1E4900F3C1DF /* SportsFavoriteInteractor.swift */ = {isa = PBXFileReference; fileEncoding = 4; lastKnownFileType = sourcecode.swift; path = SportsFavoriteInteractor.swift; sourceTree = "<group>"; };
		1031E89E25CB1E4900F3C1DF /* SportsFavoriteProtocol.swift */ = {isa = PBXFileReference; fileEncoding = 4; lastKnownFileType = sourcecode.swift; path = SportsFavoriteProtocol.swift; sourceTree = "<group>"; };
		1031E89F25CB1E4900F3C1DF /* SportsInteractor.swift */ = {isa = PBXFileReference; fileEncoding = 4; lastKnownFileType = sourcecode.swift; path = SportsInteractor.swift; sourceTree = "<group>"; };
		1031E8A025CB1E4900F3C1DF /* SportsDetailProtocol.swift */ = {isa = PBXFileReference; fileEncoding = 4; lastKnownFileType = sourcecode.swift; path = SportsDetailProtocol.swift; sourceTree = "<group>"; };
		1031E8A125CB1E4900F3C1DF /* SportsDetailInteractor.swift */ = {isa = PBXFileReference; fileEncoding = 4; lastKnownFileType = sourcecode.swift; path = SportsDetailInteractor.swift; sourceTree = "<group>"; };
		1031E8A325CB1E4900F3C1DF /* ProfileProtocol.swift */ = {isa = PBXFileReference; fileEncoding = 4; lastKnownFileType = sourcecode.swift; path = ProfileProtocol.swift; sourceTree = "<group>"; };
		1031E8A425CB1E4900F3C1DF /* ProfileInteractor.swift */ = {isa = PBXFileReference; fileEncoding = 4; lastKnownFileType = sourcecode.swift; path = ProfileInteractor.swift; sourceTree = "<group>"; };
		1031E8A625CB1E4900F3C1DF /* TravelFavoriteProtocol.swift */ = {isa = PBXFileReference; fileEncoding = 4; lastKnownFileType = sourcecode.swift; path = TravelFavoriteProtocol.swift; sourceTree = "<group>"; };
		1031E8A725CB1E4900F3C1DF /* TravelDetailProtocol.swift */ = {isa = PBXFileReference; fileEncoding = 4; lastKnownFileType = sourcecode.swift; path = TravelDetailProtocol.swift; sourceTree = "<group>"; };
		1031E8A825CB1E4900F3C1DF /* TravelFavoriteInteractor.swift */ = {isa = PBXFileReference; fileEncoding = 4; lastKnownFileType = sourcecode.swift; path = TravelFavoriteInteractor.swift; sourceTree = "<group>"; };
		1031E8A925CB1E4900F3C1DF /* TravelDetailInteractor.swift */ = {isa = PBXFileReference; fileEncoding = 4; lastKnownFileType = sourcecode.swift; path = TravelDetailInteractor.swift; sourceTree = "<group>"; };
		1031E8AA25CB1E4900F3C1DF /* TravelInteractor.swift */ = {isa = PBXFileReference; fileEncoding = 4; lastKnownFileType = sourcecode.swift; path = TravelInteractor.swift; sourceTree = "<group>"; };
		1031E8AB25CB1E4A00F3C1DF /* TravelProtocol.swift */ = {isa = PBXFileReference; fileEncoding = 4; lastKnownFileType = sourcecode.swift; path = TravelProtocol.swift; sourceTree = "<group>"; };
		1031E8C825CB1E6000F3C1DF /* MovieDetailView.swift */ = {isa = PBXFileReference; fileEncoding = 4; lastKnownFileType = sourcecode.swift; path = MovieDetailView.swift; sourceTree = "<group>"; };
		1031E8C925CB1E6000F3C1DF /* MoviePresenter.swift */ = {isa = PBXFileReference; fileEncoding = 4; lastKnownFileType = sourcecode.swift; path = MoviePresenter.swift; sourceTree = "<group>"; };
		1031E8CA25CB1E6000F3C1DF /* MovieRouter.swift */ = {isa = PBXFileReference; fileEncoding = 4; lastKnownFileType = sourcecode.swift; path = MovieRouter.swift; sourceTree = "<group>"; };
		1031E8CB25CB1E6000F3C1DF /* MovieView.swift */ = {isa = PBXFileReference; fileEncoding = 4; lastKnownFileType = sourcecode.swift; path = MovieView.swift; sourceTree = "<group>"; };
		1031E8CC25CB1E6000F3C1DF /* MovieRowsView.swift */ = {isa = PBXFileReference; fileEncoding = 4; lastKnownFileType = sourcecode.swift; path = MovieRowsView.swift; sourceTree = "<group>"; };
		1031E8CD25CB1E6000F3C1DF /* MovieDetailPresenter.swift */ = {isa = PBXFileReference; fileEncoding = 4; lastKnownFileType = sourcecode.swift; path = MovieDetailPresenter.swift; sourceTree = "<group>"; };
		1031E8CE25CB1E6000F3C1DF /* MovieFavoriteView.swift */ = {isa = PBXFileReference; fileEncoding = 4; lastKnownFileType = sourcecode.swift; path = MovieFavoriteView.swift; sourceTree = "<group>"; };
		1031E8CF25CB1E6000F3C1DF /* MovieFavoritePresenter.swift */ = {isa = PBXFileReference; fileEncoding = 4; lastKnownFileType = sourcecode.swift; path = MovieFavoritePresenter.swift; sourceTree = "<group>"; };
		1031E8D125CB1E6000F3C1DF /* GameView.swift */ = {isa = PBXFileReference; fileEncoding = 4; lastKnownFileType = sourcecode.swift; path = GameView.swift; sourceTree = "<group>"; };
		1031E8D225CB1E6000F3C1DF /* GamePresenter.swift */ = {isa = PBXFileReference; fileEncoding = 4; lastKnownFileType = sourcecode.swift; path = GamePresenter.swift; sourceTree = "<group>"; };
		1031E8D325CB1E6000F3C1DF /* GameDetailView.swift */ = {isa = PBXFileReference; fileEncoding = 4; lastKnownFileType = sourcecode.swift; path = GameDetailView.swift; sourceTree = "<group>"; };
		1031E8D425CB1E6000F3C1DF /* GameFavoriteView.swift */ = {isa = PBXFileReference; fileEncoding = 4; lastKnownFileType = sourcecode.swift; path = GameFavoriteView.swift; sourceTree = "<group>"; };
		1031E8D525CB1E6000F3C1DF /* GameRowsView.swift */ = {isa = PBXFileReference; fileEncoding = 4; lastKnownFileType = sourcecode.swift; path = GameRowsView.swift; sourceTree = "<group>"; };
		1031E8D625CB1E6000F3C1DF /* GameFavoritePresenter.swift */ = {isa = PBXFileReference; fileEncoding = 4; lastKnownFileType = sourcecode.swift; path = GameFavoritePresenter.swift; sourceTree = "<group>"; };
		1031E8D725CB1E6000F3C1DF /* GameDetailPresenter.swift */ = {isa = PBXFileReference; fileEncoding = 4; lastKnownFileType = sourcecode.swift; path = GameDetailPresenter.swift; sourceTree = "<group>"; };
		1031E8D825CB1E6000F3C1DF /* GameRouter.swift */ = {isa = PBXFileReference; fileEncoding = 4; lastKnownFileType = sourcecode.swift; path = GameRouter.swift; sourceTree = "<group>"; };
		1031E8DA25CB1E6000F3C1DF /* SportView.swift */ = {isa = PBXFileReference; fileEncoding = 4; lastKnownFileType = sourcecode.swift; path = SportView.swift; sourceTree = "<group>"; };
		1031E8DB25CB1E6000F3C1DF /* SportFavoriteView.swift */ = {isa = PBXFileReference; fileEncoding = 4; lastKnownFileType = sourcecode.swift; path = SportFavoriteView.swift; sourceTree = "<group>"; };
		1031E8DC25CB1E6000F3C1DF /* SportRowsView.swift */ = {isa = PBXFileReference; fileEncoding = 4; lastKnownFileType = sourcecode.swift; path = SportRowsView.swift; sourceTree = "<group>"; };
		1031E8DD25CB1E6000F3C1DF /* SportsDetailPresenter.swift */ = {isa = PBXFileReference; fileEncoding = 4; lastKnownFileType = sourcecode.swift; path = SportsDetailPresenter.swift; sourceTree = "<group>"; };
		1031E8DE25CB1E6000F3C1DF /* SportsFavoritePresenter.swift */ = {isa = PBXFileReference; fileEncoding = 4; lastKnownFileType = sourcecode.swift; path = SportsFavoritePresenter.swift; sourceTree = "<group>"; };
		1031E8DF25CB1E6000F3C1DF /* SportsPresenter.swift */ = {isa = PBXFileReference; fileEncoding = 4; lastKnownFileType = sourcecode.swift; path = SportsPresenter.swift; sourceTree = "<group>"; };
		1031E8E025CB1E6000F3C1DF /* SportDetailView.swift */ = {isa = PBXFileReference; fileEncoding = 4; lastKnownFileType = sourcecode.swift; path = SportDetailView.swift; sourceTree = "<group>"; };
		1031E8E125CB1E6000F3C1DF /* SportRouter.swift */ = {isa = PBXFileReference; fileEncoding = 4; lastKnownFileType = sourcecode.swift; path = SportRouter.swift; sourceTree = "<group>"; };
		1031E8E325CB1E6000F3C1DF /* ProfilePresenter.swift */ = {isa = PBXFileReference; fileEncoding = 4; lastKnownFileType = sourcecode.swift; path = ProfilePresenter.swift; sourceTree = "<group>"; };
		1031E8E425CB1E6000F3C1DF /* ProfileView.swift */ = {isa = PBXFileReference; fileEncoding = 4; lastKnownFileType = sourcecode.swift; path = ProfileView.swift; sourceTree = "<group>"; };
		1031E8E625CB1E6000F3C1DF /* TravelView.swift */ = {isa = PBXFileReference; fileEncoding = 4; lastKnownFileType = sourcecode.swift; path = TravelView.swift; sourceTree = "<group>"; };
		1031E8E725CB1E6000F3C1DF /* TravelRowsView.swift */ = {isa = PBXFileReference; fileEncoding = 4; lastKnownFileType = sourcecode.swift; path = TravelRowsView.swift; sourceTree = "<group>"; };
		1031E8E825CB1E6000F3C1DF /* TravelRouter.swift */ = {isa = PBXFileReference; fileEncoding = 4; lastKnownFileType = sourcecode.swift; path = TravelRouter.swift; sourceTree = "<group>"; };
		1031E8E925CB1E6000F3C1DF /* TravelDetailView.swift */ = {isa = PBXFileReference; fileEncoding = 4; lastKnownFileType = sourcecode.swift; path = TravelDetailView.swift; sourceTree = "<group>"; };
		1031E8EA25CB1E6000F3C1DF /* TravelPresenter.swift */ = {isa = PBXFileReference; fileEncoding = 4; lastKnownFileType = sourcecode.swift; path = TravelPresenter.swift; sourceTree = "<group>"; };
		1031E8EB25CB1E6000F3C1DF /* TravelDetailPresenter.swift */ = {isa = PBXFileReference; fileEncoding = 4; lastKnownFileType = sourcecode.swift; path = TravelDetailPresenter.swift; sourceTree = "<group>"; };
		1031E8EC25CB1E6000F3C1DF /* TravelFavoritePresenter.swift */ = {isa = PBXFileReference; fileEncoding = 4; lastKnownFileType = sourcecode.swift; path = TravelFavoritePresenter.swift; sourceTree = "<group>"; };
		1031E8ED25CB1E6000F3C1DF /* TravelFavoriteView.swift */ = {isa = PBXFileReference; fileEncoding = 4; lastKnownFileType = sourcecode.swift; path = TravelFavoriteView.swift; sourceTree = "<group>"; };
		1031E91125CB2E4C00F3C1DF /* AppDelegate.swift */ = {isa = PBXFileReference; fileEncoding = 4; lastKnownFileType = sourcecode.swift; path = AppDelegate.swift; sourceTree = "<group>"; };
		1031E91225CB2E4C00F3C1DF /* ContentView.swift */ = {isa = PBXFileReference; fileEncoding = 4; lastKnownFileType = sourcecode.swift; path = ContentView.swift; sourceTree = "<group>"; };
		1031E91325CB2E4C00F3C1DF /* SceneDelegate.swift */ = {isa = PBXFileReference; fileEncoding = 4; lastKnownFileType = sourcecode.swift; path = SceneDelegate.swift; sourceTree = "<group>"; };
/* End PBXFileReference section */

/* Begin PBXFrameworksBuildPhase section */
		1031E7F125CAFEAB00F3C1DF /* Frameworks */ = {
			isa = PBXFrameworksBuildPhase;
			buildActionMask = 2147483647;
			files = (
				1031E82B25CB134500F3C1DF /* RealmSwift in Frameworks */,
				1031E82925CB134500F3C1DF /* Realm in Frameworks */,
				1031E82625CB125A00F3C1DF /* SDWebImageSwiftUI in Frameworks */,
				1031E82325CB110400F3C1DF /* Alamofire in Frameworks */,
			);
			runOnlyForDeploymentPostprocessing = 0;
		};
		1031E80725CAFEAC00F3C1DF /* Frameworks */ = {
			isa = PBXFrameworksBuildPhase;
			buildActionMask = 2147483647;
			files = (
			);
			runOnlyForDeploymentPostprocessing = 0;
		};
/* End PBXFrameworksBuildPhase section */

/* Begin PBXGroup section */
		1031E7EB25CAFEAB00F3C1DF = {
			isa = PBXGroup;
			children = (
				1031E81F25CB0BBB00F3C1DF /* .swiftlint.yml */,
				1031E81925CB008600F3C1DF /* .travis.yml */,
				1031E7F625CAFEAB00F3C1DF /* Hobby */,
				1031E80D25CAFEAC00F3C1DF /* HobbyTests */,
				1031E7F525CAFEAB00F3C1DF /* Products */,
			);
			sourceTree = "<group>";
		};
		1031E7F525CAFEAB00F3C1DF /* Products */ = {
			isa = PBXGroup;
			children = (
				1031E7F425CAFEAB00F3C1DF /* Hobby.app */,
				1031E80A25CAFEAC00F3C1DF /* HobbyTests.xctest */,
			);
			name = Products;
			sourceTree = "<group>";
		};
		1031E7F625CAFEAB00F3C1DF /* Hobby */ = {
			isa = PBXGroup;
			children = (
				1031E91025CB2E4C00F3C1DF /* App */,
				1031E8C625CB1E6000F3C1DF /* Module */,
				1031E85D25CB1DA600F3C1DF /* Core */,
				1031E7FD25CAFEAB00F3C1DF /* Assets.xcassets */,
				1031E80225CAFEAB00F3C1DF /* LaunchScreen.storyboard */,
				1031E80525CAFEAB00F3C1DF /* Info.plist */,
				1031E7FF25CAFEAB00F3C1DF /* Preview Content */,
			);
			path = Hobby;
			sourceTree = "<group>";
		};
		1031E7FF25CAFEAB00F3C1DF /* Preview Content */ = {
			isa = PBXGroup;
			children = (
				1031E80025CAFEAB00F3C1DF /* Preview Assets.xcassets */,
			);
			path = "Preview Content";
			sourceTree = "<group>";
		};
		1031E80D25CAFEAC00F3C1DF /* HobbyTests */ = {
			isa = PBXGroup;
			children = (
				1031E80E25CAFEAC00F3C1DF /* HobbyTests.swift */,
				1031E81025CAFEAC00F3C1DF /* Info.plist */,
			);
			path = HobbyTests;
			sourceTree = "<group>";
		};
		1031E82C25CB16C400F3C1DF /* Data */ = {
			isa = PBXGroup;
			children = (
				1031E83F25CB1B2300F3C1DF /* Local */,
				1031E82D25CB16DC00F3C1DF /* Remote */,
			);
			path = Data;
			sourceTree = "<group>";
		};
		1031E82D25CB16DC00F3C1DF /* Remote */ = {
			isa = PBXGroup;
			children = (
				1031E83025CB16DC00F3C1DF /* Response */,
				1031E82E25CB16DC00F3C1DF /* SportsDataSource.swift */,
				1031E82F25CB16DC00F3C1DF /* TravelDataSource.swift */,
				1031E83525CB16DC00F3C1DF /* GameDataSource.swift */,
				1031E83625CB16DC00F3C1DF /* MovieDataSource.swift */,
			);
			path = Remote;
			sourceTree = "<group>";
		};
		1031E83025CB16DC00F3C1DF /* Response */ = {
			isa = PBXGroup;
			children = (
				1031E83125CB16DC00F3C1DF /* TravelRepository.swift */,
				1031E83225CB16DC00F3C1DF /* SportsRepository.swift */,
				1031E83325CB16DC00F3C1DF /* GameRepository.swift */,
				1031E83425CB16DC00F3C1DF /* MovieRepository.swift */,
			);
			path = Response;
			sourceTree = "<group>";
		};
		1031E83F25CB1B2300F3C1DF /* Local */ = {
			isa = PBXGroup;
			children = (
				1031E84225CB1B2300F3C1DF /* Entity */,
				1031E84025CB1B2300F3C1DF /* MovieLocaleDataSource.swift */,
				1031E84125CB1B2300F3C1DF /* GameLocaleDataSource.swift */,
				1031E84725CB1B2300F3C1DF /* SportLocaleDataSource.swift */,
				1031E84825CB1B2300F3C1DF /* TravelLocaleDataSource.swift */,
			);
			path = Local;
			sourceTree = "<group>";
		};
		1031E84225CB1B2300F3C1DF /* Entity */ = {
			isa = PBXGroup;
			children = (
				1031E84325CB1B2300F3C1DF /* MovieLocaleRepository.swift */,
				1031E84425CB1B2300F3C1DF /* SportLocaleRepository.swift */,
				1031E84525CB1B2300F3C1DF /* GameLocaleRepository.swift */,
				1031E84625CB1B2300F3C1DF /* TravelLocaleRepository.swift */,
			);
			path = Entity;
			sourceTree = "<group>";
		};
		1031E85125CB1D3100F3C1DF /* Domain */ = {
			isa = PBXGroup;
			children = (
				1031E88C25CB1E4900F3C1DF /* UseCase */,
				1031E85225CB1D4600F3C1DF /* Model */,
			);
			path = Domain;
			sourceTree = "<group>";
		};
		1031E85225CB1D4600F3C1DF /* Model */ = {
			isa = PBXGroup;
			children = (
				1031E85325CB1D4600F3C1DF /* SportsEntity.swift */,
				1031E85425CB1D4600F3C1DF /* GameEntity.swift */,
				1031E85525CB1D4600F3C1DF /* ProfileEntity.swift */,
				1031E85625CB1D4600F3C1DF /* TravelEntity.swift */,
				1031E85725CB1D4600F3C1DF /* MovieEntity.swift */,
			);
			path = Model;
			sourceTree = "<group>";
		};
		1031E85D25CB1DA600F3C1DF /* Core */ = {
			isa = PBXGroup;
			children = (
				1031E88925CB1E2D00F3C1DF /* DI */,
				1031E85E25CB1DC900F3C1DF /* Utils */,
				1031E85125CB1D3100F3C1DF /* Domain */,
				1031E82C25CB16C400F3C1DF /* Data */,
			);
			path = Core;
			sourceTree = "<group>";
		};
		1031E85E25CB1DC900F3C1DF /* Utils */ = {
			isa = PBXGroup;
			children = (
				1031E86925CB1DC900F3C1DF /* ConstantVal.swift */,
				1031E85F25CB1DC900F3C1DF /* Extension */,
				1031E86325CB1DC900F3C1DF /* Network */,
				1031E86A25CB1DC900F3C1DF /* Mapper */,
				1031E86D25CB1DC900F3C1DF /* View */,
			);
			path = Utils;
			sourceTree = "<group>";
		};
		1031E85F25CB1DC900F3C1DF /* Extension */ = {
			isa = PBXGroup;
			children = (
				1031E86025CB1DC900F3C1DF /* CustomeError.swift */,
				1031E86125CB1DC900F3C1DF /* GeneralAttribute.swift */,
			);
			path = Extension;
			sourceTree = "<group>";
		};
		1031E86325CB1DC900F3C1DF /* Network */ = {
			isa = PBXGroup;
			children = (
				1031E86425CB1DC900F3C1DF /* APIMovie.swift */,
				1031E86525CB1DC900F3C1DF /* APIGame.swift */,
				1031E86625CB1DC900F3C1DF /* APITravel.swift */,
				1031E86725CB1DC900F3C1DF /* APISport.swift */,
				1031E86825CB1DC900F3C1DF /* API.swift */,
			);
			path = Network;
			sourceTree = "<group>";
		};
		1031E86A25CB1DC900F3C1DF /* Mapper */ = {
			isa = PBXGroup;
			children = (
				1031E86B25CB1DC900F3C1DF /* DataLocaleMapper.swift */,
				1031E86C25CB1DC900F3C1DF /* DataMapper.swift */,
			);
			path = Mapper;
			sourceTree = "<group>";
		};
		1031E86D25CB1DC900F3C1DF /* View */ = {
			isa = PBXGroup;
			children = (
				1031E86E25CB1DC900F3C1DF /* DescriptionViewUI.swift */,
				1031E86F25CB1DC900F3C1DF /* MapViewUI.swift */,
				1031E87025CB1DC900F3C1DF /* ActivityIndicator.swift */,
				1031E87125CB1DC900F3C1DF /* SubHeadLineUI.swift */,
				1031E87225CB1DC900F3C1DF /* TabFavoriteViewUI.swift */,
				1031E87325CB1DC900F3C1DF /* LoadingViewUI.swift */,
				1031E87425CB1DC900F3C1DF /* ImageViewUI.swift */,
				1031E87525CB1DC900F3C1DF /* HeadLineViewUI.swift */,
			);
			path = View;
			sourceTree = "<group>";
		};
		1031E88925CB1E2D00F3C1DF /* DI */ = {
			isa = PBXGroup;
			children = (
				1031E88A25CB1E2D00F3C1DF /* Injection.swift */,
			);
			path = DI;
			sourceTree = "<group>";
		};
		1031E88C25CB1E4900F3C1DF /* UseCase */ = {
			isa = PBXGroup;
			children = (
				1031E88D25CB1E4900F3C1DF /* Movie */,
				1031E89425CB1E4900F3C1DF /* Game */,
				1031E89B25CB1E4900F3C1DF /* Sports */,
				1031E8A225CB1E4900F3C1DF /* Profile */,
				1031E8A525CB1E4900F3C1DF /* Travel */,
			);
			path = UseCase;
			sourceTree = "<group>";
		};
		1031E88D25CB1E4900F3C1DF /* Movie */ = {
			isa = PBXGroup;
			children = (
				1031E88E25CB1E4900F3C1DF /* MovieProtocol.swift */,
				1031E88F25CB1E4900F3C1DF /* MovieDetailInteractor.swift */,
				1031E89025CB1E4900F3C1DF /* MovieInteractor.swift */,
				1031E89125CB1E4900F3C1DF /* MovieDetailProtocol.swift */,
				1031E89225CB1E4900F3C1DF /* MovieFavoriteInteractor.swift */,
				1031E89325CB1E4900F3C1DF /* MovieFavoriteProtocol.swift */,
			);
			path = Movie;
			sourceTree = "<group>";
		};
		1031E89425CB1E4900F3C1DF /* Game */ = {
			isa = PBXGroup;
			children = (
				1031E89525CB1E4900F3C1DF /* GameDetailProtocol.swift */,
				1031E89625CB1E4900F3C1DF /* GameProtocol.swift */,
				1031E89725CB1E4900F3C1DF /* GameDetailInteractor.swift */,
				1031E89825CB1E4900F3C1DF /* GameInteractor.swift */,
				1031E89925CB1E4900F3C1DF /* GameFavoriteInteractor.swift */,
				1031E89A25CB1E4900F3C1DF /* GameFavoriteProtocol.swift */,
			);
			path = Game;
			sourceTree = "<group>";
		};
		1031E89B25CB1E4900F3C1DF /* Sports */ = {
			isa = PBXGroup;
			children = (
				1031E89C25CB1E4900F3C1DF /* SportsProtocol.swift */,
				1031E89D25CB1E4900F3C1DF /* SportsFavoriteInteractor.swift */,
				1031E89E25CB1E4900F3C1DF /* SportsFavoriteProtocol.swift */,
				1031E89F25CB1E4900F3C1DF /* SportsInteractor.swift */,
				1031E8A025CB1E4900F3C1DF /* SportsDetailProtocol.swift */,
				1031E8A125CB1E4900F3C1DF /* SportsDetailInteractor.swift */,
			);
			path = Sports;
			sourceTree = "<group>";
		};
		1031E8A225CB1E4900F3C1DF /* Profile */ = {
			isa = PBXGroup;
			children = (
				1031E8A325CB1E4900F3C1DF /* ProfileProtocol.swift */,
				1031E8A425CB1E4900F3C1DF /* ProfileInteractor.swift */,
			);
			path = Profile;
			sourceTree = "<group>";
		};
		1031E8A525CB1E4900F3C1DF /* Travel */ = {
			isa = PBXGroup;
			children = (
				1031E8A625CB1E4900F3C1DF /* TravelFavoriteProtocol.swift */,
				1031E8A725CB1E4900F3C1DF /* TravelDetailProtocol.swift */,
				1031E8A825CB1E4900F3C1DF /* TravelFavoriteInteractor.swift */,
				1031E8A925CB1E4900F3C1DF /* TravelDetailInteractor.swift */,
				1031E8AA25CB1E4900F3C1DF /* TravelInteractor.swift */,
				1031E8AB25CB1E4A00F3C1DF /* TravelProtocol.swift */,
			);
			path = Travel;
			sourceTree = "<group>";
		};
		1031E8C625CB1E6000F3C1DF /* Module */ = {
			isa = PBXGroup;
			children = (
				1031E8C725CB1E6000F3C1DF /* Movie */,
				1031E8D025CB1E6000F3C1DF /* Game */,
				1031E8D925CB1E6000F3C1DF /* Sports */,
				1031E8E225CB1E6000F3C1DF /* Profile */,
				1031E8E525CB1E6000F3C1DF /* Travel */,
			);
			path = Module;
			sourceTree = "<group>";
		};
		1031E8C725CB1E6000F3C1DF /* Movie */ = {
			isa = PBXGroup;
			children = (
				1031E8C825CB1E6000F3C1DF /* MovieDetailView.swift */,
				1031E8C925CB1E6000F3C1DF /* MoviePresenter.swift */,
				1031E8CA25CB1E6000F3C1DF /* MovieRouter.swift */,
				1031E8CB25CB1E6000F3C1DF /* MovieView.swift */,
				1031E8CC25CB1E6000F3C1DF /* MovieRowsView.swift */,
				1031E8CD25CB1E6000F3C1DF /* MovieDetailPresenter.swift */,
				1031E8CE25CB1E6000F3C1DF /* MovieFavoriteView.swift */,
				1031E8CF25CB1E6000F3C1DF /* MovieFavoritePresenter.swift */,
			);
			path = Movie;
			sourceTree = "<group>";
		};
		1031E8D025CB1E6000F3C1DF /* Game */ = {
			isa = PBXGroup;
			children = (
				1031E8D125CB1E6000F3C1DF /* GameView.swift */,
				1031E8D225CB1E6000F3C1DF /* GamePresenter.swift */,
				1031E8D325CB1E6000F3C1DF /* GameDetailView.swift */,
				1031E8D425CB1E6000F3C1DF /* GameFavoriteView.swift */,
				1031E8D525CB1E6000F3C1DF /* GameRowsView.swift */,
				1031E8D625CB1E6000F3C1DF /* GameFavoritePresenter.swift */,
				1031E8D725CB1E6000F3C1DF /* GameDetailPresenter.swift */,
				1031E8D825CB1E6000F3C1DF /* GameRouter.swift */,
			);
			path = Game;
			sourceTree = "<group>";
		};
		1031E8D925CB1E6000F3C1DF /* Sports */ = {
			isa = PBXGroup;
			children = (
				1031E8DA25CB1E6000F3C1DF /* SportView.swift */,
				1031E8DB25CB1E6000F3C1DF /* SportFavoriteView.swift */,
				1031E8DC25CB1E6000F3C1DF /* SportRowsView.swift */,
				1031E8DD25CB1E6000F3C1DF /* SportsDetailPresenter.swift */,
				1031E8DE25CB1E6000F3C1DF /* SportsFavoritePresenter.swift */,
				1031E8DF25CB1E6000F3C1DF /* SportsPresenter.swift */,
				1031E8E025CB1E6000F3C1DF /* SportDetailView.swift */,
				1031E8E125CB1E6000F3C1DF /* SportRouter.swift */,
			);
			path = Sports;
			sourceTree = "<group>";
		};
		1031E8E225CB1E6000F3C1DF /* Profile */ = {
			isa = PBXGroup;
			children = (
				1031E8E325CB1E6000F3C1DF /* ProfilePresenter.swift */,
				1031E8E425CB1E6000F3C1DF /* ProfileView.swift */,
			);
			path = Profile;
			sourceTree = "<group>";
		};
		1031E8E525CB1E6000F3C1DF /* Travel */ = {
			isa = PBXGroup;
			children = (
				1031E8E625CB1E6000F3C1DF /* TravelView.swift */,
				1031E8E725CB1E6000F3C1DF /* TravelRowsView.swift */,
				1031E8E825CB1E6000F3C1DF /* TravelRouter.swift */,
				1031E8E925CB1E6000F3C1DF /* TravelDetailView.swift */,
				1031E8EA25CB1E6000F3C1DF /* TravelPresenter.swift */,
				1031E8EB25CB1E6000F3C1DF /* TravelDetailPresenter.swift */,
				1031E8EC25CB1E6000F3C1DF /* TravelFavoritePresenter.swift */,
				1031E8ED25CB1E6000F3C1DF /* TravelFavoriteView.swift */,
			);
			path = Travel;
			sourceTree = "<group>";
		};
		1031E91025CB2E4C00F3C1DF /* App */ = {
			isa = PBXGroup;
			children = (
				1031E91125CB2E4C00F3C1DF /* AppDelegate.swift */,
				1031E91225CB2E4C00F3C1DF /* ContentView.swift */,
				1031E91325CB2E4C00F3C1DF /* SceneDelegate.swift */,
			);
			path = App;
			sourceTree = "<group>";
		};
/* End PBXGroup section */

/* Begin PBXNativeTarget section */
		1031E7F325CAFEAB00F3C1DF /* Hobby */ = {
			isa = PBXNativeTarget;
			buildConfigurationList = 1031E81325CAFEAC00F3C1DF /* Build configuration list for PBXNativeTarget "Hobby" */;
			buildPhases = (
				1031E7F025CAFEAB00F3C1DF /* Sources */,
				1031E7F125CAFEAB00F3C1DF /* Frameworks */,
				1031E7F225CAFEAB00F3C1DF /* Resources */,
				1031E81E25CB0B8000F3C1DF /* ShellScript */,
			);
			buildRules = (
			);
			dependencies = (
			);
			name = Hobby;
			packageProductDependencies = (
				1031E82225CB110400F3C1DF /* Alamofire */,
				1031E82525CB125A00F3C1DF /* SDWebImageSwiftUI */,
				1031E82825CB134500F3C1DF /* Realm */,
				1031E82A25CB134500F3C1DF /* RealmSwift */,
			);
			productName = Hobby;
			productReference = 1031E7F425CAFEAB00F3C1DF /* Hobby.app */;
			productType = "com.apple.product-type.application";
		};
		1031E80925CAFEAC00F3C1DF /* HobbyTests */ = {
			isa = PBXNativeTarget;
			buildConfigurationList = 1031E81625CAFEAC00F3C1DF /* Build configuration list for PBXNativeTarget "HobbyTests" */;
			buildPhases = (
				1031E80625CAFEAC00F3C1DF /* Sources */,
				1031E80725CAFEAC00F3C1DF /* Frameworks */,
				1031E80825CAFEAC00F3C1DF /* Resources */,
			);
			buildRules = (
			);
			dependencies = (
				1031E80C25CAFEAC00F3C1DF /* PBXTargetDependency */,
			);
			name = HobbyTests;
			productName = HobbyTests;
			productReference = 1031E80A25CAFEAC00F3C1DF /* HobbyTests.xctest */;
			productType = "com.apple.product-type.bundle.unit-test";
		};
/* End PBXNativeTarget section */

/* Begin PBXProject section */
		1031E7EC25CAFEAB00F3C1DF /* Project object */ = {
			isa = PBXProject;
			attributes = {
				LastSwiftUpdateCheck = 1130;
				LastUpgradeCheck = 1230;
				ORGANIZATIONNAME = "Kelvin HT";
				TargetAttributes = {
					1031E7F325CAFEAB00F3C1DF = {
						CreatedOnToolsVersion = 11.3.1;
					};
					1031E80925CAFEAC00F3C1DF = {
						CreatedOnToolsVersion = 11.3.1;
						TestTargetID = 1031E7F325CAFEAB00F3C1DF;
					};
				};
			};
			buildConfigurationList = 1031E7EF25CAFEAB00F3C1DF /* Build configuration list for PBXProject "Hobby" */;
			compatibilityVersion = "Xcode 9.3";
			developmentRegion = en;
			hasScannedForEncodings = 0;
			knownRegions = (
				en,
				Base,
			);
			mainGroup = 1031E7EB25CAFEAB00F3C1DF;
			packageReferences = (
				1031E82125CB110400F3C1DF /* XCRemoteSwiftPackageReference "Alamofire" */,
				1031E82425CB125A00F3C1DF /* XCRemoteSwiftPackageReference "SDWebImageSwiftUI" */,
				1031E82725CB134500F3C1DF /* XCRemoteSwiftPackageReference "realm-cocoa" */,
			);
			productRefGroup = 1031E7F525CAFEAB00F3C1DF /* Products */;
			projectDirPath = "";
			projectRoot = "";
			targets = (
				1031E7F325CAFEAB00F3C1DF /* Hobby */,
				1031E80925CAFEAC00F3C1DF /* HobbyTests */,
			);
		};
/* End PBXProject section */

/* Begin PBXResourcesBuildPhase section */
		1031E7F225CAFEAB00F3C1DF /* Resources */ = {
			isa = PBXResourcesBuildPhase;
			buildActionMask = 2147483647;
			files = (
				1031E82025CB0BBB00F3C1DF /* .swiftlint.yml in Resources */,
				1031E80425CAFEAB00F3C1DF /* LaunchScreen.storyboard in Resources */,
				1031E80125CAFEAB00F3C1DF /* Preview Assets.xcassets in Resources */,
				1031E81A25CB008600F3C1DF /* .travis.yml in Resources */,
				1031E7FE25CAFEAB00F3C1DF /* Assets.xcassets in Resources */,
			);
			runOnlyForDeploymentPostprocessing = 0;
		};
		1031E80825CAFEAC00F3C1DF /* Resources */ = {
			isa = PBXResourcesBuildPhase;
			buildActionMask = 2147483647;
			files = (
			);
			runOnlyForDeploymentPostprocessing = 0;
		};
/* End PBXResourcesBuildPhase section */

/* Begin PBXShellScriptBuildPhase section */
		1031E81E25CB0B8000F3C1DF /* ShellScript */ = {
			isa = PBXShellScriptBuildPhase;
			buildActionMask = 2147483647;
			files = (
			);
			inputFileListPaths = (
			);
			inputPaths = (
			);
			outputFileListPaths = (
			);
			outputPaths = (
			);
			runOnlyForDeploymentPostprocessing = 0;
			shellPath = /bin/sh;
			shellScript = "if which swiftlint >/dev/null; then \n    swiftlint \nelse \n    echo \"warning: SwiftLint not installed, download from https://github.com/realm/SwiftLint\" \nfi\n";
		};
/* End PBXShellScriptBuildPhase section */

/* Begin PBXSourcesBuildPhase section */
		1031E7F025CAFEAB00F3C1DF /* Sources */ = {
			isa = PBXSourcesBuildPhase;
			buildActionMask = 2147483647;
			files = (
				1031E88225CB1DC900F3C1DF /* MapViewUI.swift in Sources */,
				1031E8FD25CB1E6100F3C1DF /* GameRouter.swift in Sources */,
				1031E88525CB1DC900F3C1DF /* TabFavoriteViewUI.swift in Sources */,
				1031E88625CB1DC900F3C1DF /* LoadingViewUI.swift in Sources */,
				1031E88325CB1DC900F3C1DF /* ActivityIndicator.swift in Sources */,
				1031E8AC25CB1E4A00F3C1DF /* MovieProtocol.swift in Sources */,
				1031E8C225CB1E4A00F3C1DF /* TravelFavoriteInteractor.swift in Sources */,
				1031E8EF25CB1E6100F3C1DF /* MoviePresenter.swift in Sources */,
				1031E90825CB1E6100F3C1DF /* TravelView.swift in Sources */,
				1031E8B025CB1E4A00F3C1DF /* MovieFavoriteInteractor.swift in Sources */,
				1031E88025CB1DC900F3C1DF /* DataMapper.swift in Sources */,
				1031E8C525CB1E4A00F3C1DF /* TravelProtocol.swift in Sources */,
				1031E85825CB1D4600F3C1DF /* SportsEntity.swift in Sources */,
				1031E8AD25CB1E4A00F3C1DF /* MovieDetailInteractor.swift in Sources */,
				1031E83B25CB16DC00F3C1DF /* GameRepository.swift in Sources */,
				1031E83D25CB16DC00F3C1DF /* GameDataSource.swift in Sources */,
				1031E8B525CB1E4A00F3C1DF /* GameInteractor.swift in Sources */,
				1031E8F925CB1E6100F3C1DF /* GameFavoriteView.swift in Sources */,
				1031E91425CB2E4C00F3C1DF /* AppDelegate.swift in Sources */,
				1031E84F25CB1B2300F3C1DF /* SportLocaleDataSource.swift in Sources */,
				1031E8F125CB1E6100F3C1DF /* MovieView.swift in Sources */,
				1031E8F025CB1E6100F3C1DF /* MovieRouter.swift in Sources */,
				1031E8B625CB1E4A00F3C1DF /* GameFavoriteInteractor.swift in Sources */,
				1031E83C25CB16DC00F3C1DF /* MovieRepository.swift in Sources */,
				1031E8FC25CB1E6100F3C1DF /* GameDetailPresenter.swift in Sources */,
				1031E87B25CB1DC900F3C1DF /* APITravel.swift in Sources */,
				1031E8AE25CB1E4A00F3C1DF /* MovieInteractor.swift in Sources */,
				1031E8FB25CB1E6100F3C1DF /* GameFavoritePresenter.swift in Sources */,
				1031E90125CB1E6100F3C1DF /* SportsDetailPresenter.swift in Sources */,
				1031E88B25CB1E2D00F3C1DF /* Injection.swift in Sources */,
				1031E8FF25CB1E6100F3C1DF /* SportFavoriteView.swift in Sources */,
				1031E88425CB1DC900F3C1DF /* SubHeadLineUI.swift in Sources */,
				1031E8FE25CB1E6100F3C1DF /* SportView.swift in Sources */,
				1031E87925CB1DC900F3C1DF /* APIMovie.swift in Sources */,
				1031E90A25CB1E6100F3C1DF /* TravelRouter.swift in Sources */,
				1031E91625CB2E4C00F3C1DF /* SceneDelegate.swift in Sources */,
				1031E85925CB1D4600F3C1DF /* GameEntity.swift in Sources */,
				1031E8C025CB1E4A00F3C1DF /* TravelFavoriteProtocol.swift in Sources */,
				1031E8B125CB1E4A00F3C1DF /* MovieFavoriteProtocol.swift in Sources */,
				1031E8B725CB1E4A00F3C1DF /* GameFavoriteProtocol.swift in Sources */,
				1031E90D25CB1E6100F3C1DF /* TravelDetailPresenter.swift in Sources */,
				1031E84C25CB1B2300F3C1DF /* SportLocaleRepository.swift in Sources */,
				1031E85C25CB1D4600F3C1DF /* MovieEntity.swift in Sources */,
				1031E8B825CB1E4A00F3C1DF /* SportsProtocol.swift in Sources */,
				1031E8B425CB1E4A00F3C1DF /* GameDetailInteractor.swift in Sources */,
				1031E8BF25CB1E4A00F3C1DF /* ProfileInteractor.swift in Sources */,
				1031E8C125CB1E4A00F3C1DF /* TravelDetailProtocol.swift in Sources */,
				1031E8BD25CB1E4A00F3C1DF /* SportsDetailInteractor.swift in Sources */,
				1031E90025CB1E6100F3C1DF /* SportRowsView.swift in Sources */,
				1031E84925CB1B2300F3C1DF /* MovieLocaleDataSource.swift in Sources */,
				1031E8BA25CB1E4A00F3C1DF /* SportsFavoriteProtocol.swift in Sources */,
				1031E8B225CB1E4A00F3C1DF /* GameDetailProtocol.swift in Sources */,
				1031E8F825CB1E6100F3C1DF /* GameDetailView.swift in Sources */,
				1031E84B25CB1B2300F3C1DF /* MovieLocaleRepository.swift in Sources */,
				1031E83825CB16DC00F3C1DF /* TravelDataSource.swift in Sources */,
				1031E8F325CB1E6100F3C1DF /* MovieDetailPresenter.swift in Sources */,
				1031E8BB25CB1E4A00F3C1DF /* SportsInteractor.swift in Sources */,
				1031E8B325CB1E4A00F3C1DF /* GameProtocol.swift in Sources */,
				1031E87725CB1DC900F3C1DF /* GeneralAttribute.swift in Sources */,
				1031E8F725CB1E6100F3C1DF /* GamePresenter.swift in Sources */,
				1031E8F425CB1E6100F3C1DF /* MovieFavoriteView.swift in Sources */,
				1031E83925CB16DC00F3C1DF /* TravelRepository.swift in Sources */,
				1031E8EE25CB1E6100F3C1DF /* MovieDetailView.swift in Sources */,
				1031E84E25CB1B2300F3C1DF /* TravelLocaleRepository.swift in Sources */,
				1031E90B25CB1E6100F3C1DF /* TravelDetailView.swift in Sources */,
				1031E90225CB1E6100F3C1DF /* SportsFavoritePresenter.swift in Sources */,
				1031E90F25CB1E6100F3C1DF /* TravelFavoriteView.swift in Sources */,
				1031E88725CB1DC900F3C1DF /* ImageViewUI.swift in Sources */,
				1031E87F25CB1DC900F3C1DF /* DataLocaleMapper.swift in Sources */,
				1031E84A25CB1B2300F3C1DF /* GameLocaleDataSource.swift in Sources */,
				1031E8F225CB1E6100F3C1DF /* MovieRowsView.swift in Sources */,
				1031E90625CB1E6100F3C1DF /* ProfilePresenter.swift in Sources */,
				1031E88825CB1DC900F3C1DF /* HeadLineViewUI.swift in Sources */,
				1031E8B925CB1E4A00F3C1DF /* SportsFavoriteInteractor.swift in Sources */,
				1031E8F525CB1E6100F3C1DF /* MovieFavoritePresenter.swift in Sources */,
				1031E8BE25CB1E4A00F3C1DF /* ProfileProtocol.swift in Sources */,
				1031E87625CB1DC900F3C1DF /* CustomeError.swift in Sources */,
				1031E90525CB1E6100F3C1DF /* SportRouter.swift in Sources */,
				1031E85B25CB1D4600F3C1DF /* TravelEntity.swift in Sources */,
				1031E85025CB1B2300F3C1DF /* TravelLocaleDataSource.swift in Sources */,
				1031E8C325CB1E4A00F3C1DF /* TravelDetailInteractor.swift in Sources */,
				1031E83725CB16DC00F3C1DF /* SportsDataSource.swift in Sources */,
				1031E8C425CB1E4A00F3C1DF /* TravelInteractor.swift in Sources */,
				1031E83E25CB16DC00F3C1DF /* MovieDataSource.swift in Sources */,
				1031E90C25CB1E6100F3C1DF /* TravelPresenter.swift in Sources */,
				1031E83A25CB16DC00F3C1DF /* SportsRepository.swift in Sources */,
				1031E85A25CB1D4600F3C1DF /* ProfileEntity.swift in Sources */,
				1031E8AF25CB1E4A00F3C1DF /* MovieDetailProtocol.swift in Sources */,
				1031E90E25CB1E6100F3C1DF /* TravelFavoritePresenter.swift in Sources */,
				1031E84D25CB1B2300F3C1DF /* GameLocaleRepository.swift in Sources */,
				1031E88125CB1DC900F3C1DF /* DescriptionViewUI.swift in Sources */,
				1031E90925CB1E6100F3C1DF /* TravelRowsView.swift in Sources */,
				1031E90425CB1E6100F3C1DF /* SportDetailView.swift in Sources */,
				1031E91525CB2E4C00F3C1DF /* ContentView.swift in Sources */,
				1031E8FA25CB1E6100F3C1DF /* GameRowsView.swift in Sources */,
				1031E90725CB1E6100F3C1DF /* ProfileView.swift in Sources */,
				1031E8BC25CB1E4A00F3C1DF /* SportsDetailProtocol.swift in Sources */,
				1031E87A25CB1DC900F3C1DF /* APIGame.swift in Sources */,
				1031E87D25CB1DC900F3C1DF /* API.swift in Sources */,
				1031E8F625CB1E6100F3C1DF /* GameView.swift in Sources */,
				1031E87C25CB1DC900F3C1DF /* APISport.swift in Sources */,
				1031E87E25CB1DC900F3C1DF /* ConstantVal.swift in Sources */,
				1031E90325CB1E6100F3C1DF /* SportsPresenter.swift in Sources */,
			);
			runOnlyForDeploymentPostprocessing = 0;
		};
		1031E80625CAFEAC00F3C1DF /* Sources */ = {
			isa = PBXSourcesBuildPhase;
			buildActionMask = 2147483647;
			files = (
				1031E80F25CAFEAC00F3C1DF /* HobbyTests.swift in Sources */,
			);
			runOnlyForDeploymentPostprocessing = 0;
		};
/* End PBXSourcesBuildPhase section */

/* Begin PBXTargetDependency section */
		1031E80C25CAFEAC00F3C1DF /* PBXTargetDependency */ = {
			isa = PBXTargetDependency;
			target = 1031E7F325CAFEAB00F3C1DF /* Hobby */;
			targetProxy = 1031E80B25CAFEAC00F3C1DF /* PBXContainerItemProxy */;
		};
/* End PBXTargetDependency section */

/* Begin PBXVariantGroup section */
		1031E80225CAFEAB00F3C1DF /* LaunchScreen.storyboard */ = {
			isa = PBXVariantGroup;
			children = (
				1031E80325CAFEAB00F3C1DF /* Base */,
			);
			name = LaunchScreen.storyboard;
			sourceTree = "<group>";
		};
/* End PBXVariantGroup section */

/* Begin XCBuildConfiguration section */
		1031E81125CAFEAC00F3C1DF /* Debug */ = {
			isa = XCBuildConfiguration;
			buildSettings = {
				ALWAYS_SEARCH_USER_PATHS = NO;
				CLANG_ANALYZER_NONNULL = YES;
				CLANG_ANALYZER_NUMBER_OBJECT_CONVERSION = YES_AGGRESSIVE;
				CLANG_CXX_LANGUAGE_STANDARD = "gnu++14";
				CLANG_CXX_LIBRARY = "libc++";
				CLANG_ENABLE_MODULES = YES;
				CLANG_ENABLE_OBJC_ARC = YES;
				CLANG_ENABLE_OBJC_WEAK = YES;
				CLANG_WARN_BLOCK_CAPTURE_AUTORELEASING = YES;
				CLANG_WARN_BOOL_CONVERSION = YES;
				CLANG_WARN_COMMA = YES;
				CLANG_WARN_CONSTANT_CONVERSION = YES;
				CLANG_WARN_DEPRECATED_OBJC_IMPLEMENTATIONS = YES;
				CLANG_WARN_DIRECT_OBJC_ISA_USAGE = YES_ERROR;
				CLANG_WARN_DOCUMENTATION_COMMENTS = YES;
				CLANG_WARN_EMPTY_BODY = YES;
				CLANG_WARN_ENUM_CONVERSION = YES;
				CLANG_WARN_INFINITE_RECURSION = YES;
				CLANG_WARN_INT_CONVERSION = YES;
				CLANG_WARN_NON_LITERAL_NULL_CONVERSION = YES;
				CLANG_WARN_OBJC_IMPLICIT_RETAIN_SELF = YES;
				CLANG_WARN_OBJC_LITERAL_CONVERSION = YES;
				CLANG_WARN_OBJC_ROOT_CLASS = YES_ERROR;
				CLANG_WARN_QUOTED_INCLUDE_IN_FRAMEWORK_HEADER = YES;
				CLANG_WARN_RANGE_LOOP_ANALYSIS = YES;
				CLANG_WARN_STRICT_PROTOTYPES = YES;
				CLANG_WARN_SUSPICIOUS_MOVE = YES;
				CLANG_WARN_UNGUARDED_AVAILABILITY = YES_AGGRESSIVE;
				CLANG_WARN_UNREACHABLE_CODE = YES;
				CLANG_WARN__DUPLICATE_METHOD_MATCH = YES;
				COPY_PHASE_STRIP = NO;
				DEBUG_INFORMATION_FORMAT = dwarf;
				ENABLE_STRICT_OBJC_MSGSEND = YES;
				ENABLE_TESTABILITY = YES;
				GCC_C_LANGUAGE_STANDARD = gnu11;
				GCC_DYNAMIC_NO_PIC = NO;
				GCC_NO_COMMON_BLOCKS = YES;
				GCC_OPTIMIZATION_LEVEL = 0;
				GCC_PREPROCESSOR_DEFINITIONS = (
					"DEBUG=1",
					"$(inherited)",
				);
				GCC_WARN_64_TO_32_BIT_CONVERSION = YES;
				GCC_WARN_ABOUT_RETURN_TYPE = YES_ERROR;
				GCC_WARN_UNDECLARED_SELECTOR = YES;
				GCC_WARN_UNINITIALIZED_AUTOS = YES_AGGRESSIVE;
				GCC_WARN_UNUSED_FUNCTION = YES;
				GCC_WARN_UNUSED_VARIABLE = YES;
				IPHONEOS_DEPLOYMENT_TARGET = 13.2;
				MTL_ENABLE_DEBUG_INFO = INCLUDE_SOURCE;
				MTL_FAST_MATH = YES;
				ONLY_ACTIVE_ARCH = YES;
				SDKROOT = iphoneos;
				SWIFT_ACTIVE_COMPILATION_CONDITIONS = DEBUG;
				SWIFT_OPTIMIZATION_LEVEL = "-Onone";
			};
			name = Debug;
		};
		1031E81225CAFEAC00F3C1DF /* Release */ = {
			isa = XCBuildConfiguration;
			buildSettings = {
				ALWAYS_SEARCH_USER_PATHS = NO;
				CLANG_ANALYZER_NONNULL = YES;
				CLANG_ANALYZER_NUMBER_OBJECT_CONVERSION = YES_AGGRESSIVE;
				CLANG_CXX_LANGUAGE_STANDARD = "gnu++14";
				CLANG_CXX_LIBRARY = "libc++";
				CLANG_ENABLE_MODULES = YES;
				CLANG_ENABLE_OBJC_ARC = YES;
				CLANG_ENABLE_OBJC_WEAK = YES;
				CLANG_WARN_BLOCK_CAPTURE_AUTORELEASING = YES;
				CLANG_WARN_BOOL_CONVERSION = YES;
				CLANG_WARN_COMMA = YES;
				CLANG_WARN_CONSTANT_CONVERSION = YES;
				CLANG_WARN_DEPRECATED_OBJC_IMPLEMENTATIONS = YES;
				CLANG_WARN_DIRECT_OBJC_ISA_USAGE = YES_ERROR;
				CLANG_WARN_DOCUMENTATION_COMMENTS = YES;
				CLANG_WARN_EMPTY_BODY = YES;
				CLANG_WARN_ENUM_CONVERSION = YES;
				CLANG_WARN_INFINITE_RECURSION = YES;
				CLANG_WARN_INT_CONVERSION = YES;
				CLANG_WARN_NON_LITERAL_NULL_CONVERSION = YES;
				CLANG_WARN_OBJC_IMPLICIT_RETAIN_SELF = YES;
				CLANG_WARN_OBJC_LITERAL_CONVERSION = YES;
				CLANG_WARN_OBJC_ROOT_CLASS = YES_ERROR;
				CLANG_WARN_QUOTED_INCLUDE_IN_FRAMEWORK_HEADER = YES;
				CLANG_WARN_RANGE_LOOP_ANALYSIS = YES;
				CLANG_WARN_STRICT_PROTOTYPES = YES;
				CLANG_WARN_SUSPICIOUS_MOVE = YES;
				CLANG_WARN_UNGUARDED_AVAILABILITY = YES_AGGRESSIVE;
				CLANG_WARN_UNREACHABLE_CODE = YES;
				CLANG_WARN__DUPLICATE_METHOD_MATCH = YES;
				COPY_PHASE_STRIP = NO;
				DEBUG_INFORMATION_FORMAT = "dwarf-with-dsym";
				ENABLE_NS_ASSERTIONS = NO;
				ENABLE_STRICT_OBJC_MSGSEND = YES;
				GCC_C_LANGUAGE_STANDARD = gnu11;
				GCC_NO_COMMON_BLOCKS = YES;
				GCC_WARN_64_TO_32_BIT_CONVERSION = YES;
				GCC_WARN_ABOUT_RETURN_TYPE = YES_ERROR;
				GCC_WARN_UNDECLARED_SELECTOR = YES;
				GCC_WARN_UNINITIALIZED_AUTOS = YES_AGGRESSIVE;
				GCC_WARN_UNUSED_FUNCTION = YES;
				GCC_WARN_UNUSED_VARIABLE = YES;
				IPHONEOS_DEPLOYMENT_TARGET = 13.2;
				MTL_ENABLE_DEBUG_INFO = NO;
				MTL_FAST_MATH = YES;
				SDKROOT = iphoneos;
				SWIFT_COMPILATION_MODE = wholemodule;
				SWIFT_OPTIMIZATION_LEVEL = "-O";
				VALIDATE_PRODUCT = YES;
			};
			name = Release;
		};
		1031E81425CAFEAC00F3C1DF /* Debug */ = {
			isa = XCBuildConfiguration;
			buildSettings = {
				ASSETCATALOG_COMPILER_APPICON_NAME = AppIcon;
				CODE_SIGN_STYLE = Automatic;
				DEVELOPMENT_ASSET_PATHS = "\"Hobby/Preview Content\"";
				ENABLE_PREVIEWS = YES;
				INFOPLIST_FILE = Hobby/Info.plist;
				LD_RUNPATH_SEARCH_PATHS = (
					"$(inherited)",
					"@executable_path/Frameworks",
				);
				PRODUCT_BUNDLE_IDENTIFIER = com.algokelvin.Hobby;
				PRODUCT_NAME = "$(TARGET_NAME)";
				SWIFT_VERSION = 5.0;
				TARGETED_DEVICE_FAMILY = "1,2";
			};
			name = Debug;
		};
		1031E81525CAFEAC00F3C1DF /* Release */ = {
			isa = XCBuildConfiguration;
			buildSettings = {
				ASSETCATALOG_COMPILER_APPICON_NAME = AppIcon;
				CODE_SIGN_STYLE = Automatic;
				DEVELOPMENT_ASSET_PATHS = "\"Hobby/Preview Content\"";
				ENABLE_PREVIEWS = YES;
				INFOPLIST_FILE = Hobby/Info.plist;
				LD_RUNPATH_SEARCH_PATHS = (
					"$(inherited)",
					"@executable_path/Frameworks",
				);
				PRODUCT_BUNDLE_IDENTIFIER = com.algokelvin.Hobby;
				PRODUCT_NAME = "$(TARGET_NAME)";
				SWIFT_VERSION = 5.0;
				TARGETED_DEVICE_FAMILY = "1,2";
			};
			name = Release;
		};
		1031E81725CAFEAC00F3C1DF /* Debug */ = {
			isa = XCBuildConfiguration;
			buildSettings = {
				ALWAYS_EMBED_SWIFT_STANDARD_LIBRARIES = YES;
				BUNDLE_LOADER = "$(TEST_HOST)";
				CODE_SIGN_STYLE = Automatic;
				INFOPLIST_FILE = HobbyTests/Info.plist;
				IPHONEOS_DEPLOYMENT_TARGET = 13.2;
				LD_RUNPATH_SEARCH_PATHS = (
					"$(inherited)",
					"@executable_path/Frameworks",
					"@loader_path/Frameworks",
				);
				PRODUCT_BUNDLE_IDENTIFIER = com.algokelvin.HobbyTests;
				PRODUCT_NAME = "$(TARGET_NAME)";
				SWIFT_VERSION = 5.0;
				TARGETED_DEVICE_FAMILY = "1,2";
				TEST_HOST = "$(BUILT_PRODUCTS_DIR)/Hobby.app/Hobby";
			};
			name = Debug;
		};
		1031E81825CAFEAC00F3C1DF /* Release */ = {
			isa = XCBuildConfiguration;
			buildSettings = {
				ALWAYS_EMBED_SWIFT_STANDARD_LIBRARIES = YES;
				BUNDLE_LOADER = "$(TEST_HOST)";
				CODE_SIGN_STYLE = Automatic;
				INFOPLIST_FILE = HobbyTests/Info.plist;
				IPHONEOS_DEPLOYMENT_TARGET = 13.2;
				LD_RUNPATH_SEARCH_PATHS = (
					"$(inherited)",
					"@executable_path/Frameworks",
					"@loader_path/Frameworks",
				);
				PRODUCT_BUNDLE_IDENTIFIER = com.algokelvin.HobbyTests;
				PRODUCT_NAME = "$(TARGET_NAME)";
				SWIFT_VERSION = 5.0;
				TARGETED_DEVICE_FAMILY = "1,2";
				TEST_HOST = "$(BUILT_PRODUCTS_DIR)/Hobby.app/Hobby";
			};
			name = Release;
		};
/* End XCBuildConfiguration section */

/* Begin XCConfigurationList section */
		1031E7EF25CAFEAB00F3C1DF /* Build configuration list for PBXProject "Hobby" */ = {
			isa = XCConfigurationList;
			buildConfigurations = (
				1031E81125CAFEAC00F3C1DF /* Debug */,
				1031E81225CAFEAC00F3C1DF /* Release */,
			);
			defaultConfigurationIsVisible = 0;
			defaultConfigurationName = Release;
		};
		1031E81325CAFEAC00F3C1DF /* Build configuration list for PBXNativeTarget "Hobby" */ = {
			isa = XCConfigurationList;
			buildConfigurations = (
				1031E81425CAFEAC00F3C1DF /* Debug */,
				1031E81525CAFEAC00F3C1DF /* Release */,
			);
			defaultConfigurationIsVisible = 0;
			defaultConfigurationName = Release;
		};
		1031E81625CAFEAC00F3C1DF /* Build configuration list for PBXNativeTarget "HobbyTests" */ = {
			isa = XCConfigurationList;
			buildConfigurations = (
				1031E81725CAFEAC00F3C1DF /* Debug */,
				1031E81825CAFEAC00F3C1DF /* Release */,
			);
			defaultConfigurationIsVisible = 0;
			defaultConfigurationName = Release;
		};
/* End XCConfigurationList section */

/* Begin XCRemoteSwiftPackageReference section */
		1031E82125CB110400F3C1DF /* XCRemoteSwiftPackageReference "Alamofire" */ = {
			isa = XCRemoteSwiftPackageReference;
			repositoryURL = "https://github.com/Alamofire/Alamofire";
			requirement = {
				kind = upToNextMajorVersion;
				minimumVersion = 5.4.1;
			};
		};
		1031E82425CB125A00F3C1DF /* XCRemoteSwiftPackageReference "SDWebImageSwiftUI" */ = {
			isa = XCRemoteSwiftPackageReference;
			repositoryURL = "https://github.com/SDWebImage/SDWebImageSwiftUI";
			requirement = {
				kind = upToNextMajorVersion;
				minimumVersion = 1.5.0;
			};
		};
		1031E82725CB134500F3C1DF /* XCRemoteSwiftPackageReference "realm-cocoa" */ = {
			isa = XCRemoteSwiftPackageReference;
			repositoryURL = "https://github.com/realm/realm-cocoa";
			requirement = {
				kind = upToNextMajorVersion;
				minimumVersion = 10.5.1;
			};
		};
/* End XCRemoteSwiftPackageReference section */

/* Begin XCSwiftPackageProductDependency section */
		1031E82225CB110400F3C1DF /* Alamofire */ = {
			isa = XCSwiftPackageProductDependency;
			package = 1031E82125CB110400F3C1DF /* XCRemoteSwiftPackageReference "Alamofire" */;
			productName = Alamofire;
		};
		1031E82525CB125A00F3C1DF /* SDWebImageSwiftUI */ = {
			isa = XCSwiftPackageProductDependency;
			package = 1031E82425CB125A00F3C1DF /* XCRemoteSwiftPackageReference "SDWebImageSwiftUI" */;
			productName = SDWebImageSwiftUI;
		};
		1031E82825CB134500F3C1DF /* Realm */ = {
			isa = XCSwiftPackageProductDependency;
			package = 1031E82725CB134500F3C1DF /* XCRemoteSwiftPackageReference "realm-cocoa" */;
			productName = Realm;
		};
		1031E82A25CB134500F3C1DF /* RealmSwift */ = {
			isa = XCSwiftPackageProductDependency;
			package = 1031E82725CB134500F3C1DF /* XCRemoteSwiftPackageReference "realm-cocoa" */;
			productName = RealmSwift;
		};
/* End XCSwiftPackageProductDependency section */
	};
	rootObject = 1031E7EC25CAFEAB00F3C1DF /* Project object */;
}
