// !$*UTF8*$!
{
	archiveVersion = 1;
	classes = {
	};
	objectVersion = 50;
	objects = {

/* Begin PBXBuildFile section */
		00B0B6BBEA27D55AA6F990FB /* Pods_Core.framework in Frameworks */ = {isa = PBXBuildFile; fileRef = 7833F4E6272BA1BBBDA70633 /* Pods_Core.framework */; };
		105394E625DAEACC009EC607 /* MovieDataSourceProtocol.swift in Sources */ = {isa = PBXBuildFile; fileRef = 105394E525DAEACC009EC607 /* MovieDataSourceProtocol.swift */; };
		105394E925DAEB24009EC607 /* DataMovie.swift in Sources */ = {isa = PBXBuildFile; fileRef = 105394E825DAEB24009EC607 /* DataMovie.swift */; };
		105394EB25DAEB34009EC607 /* MovieModel.swift in Sources */ = {isa = PBXBuildFile; fileRef = 105394EA25DAEB34009EC607 /* MovieModel.swift */; };
		105394ED25DAEBF6009EC607 /* MovieRepositoryProtocol.swift in Sources */ = {isa = PBXBuildFile; fileRef = 105394EC25DAEBF6009EC607 /* MovieRepositoryProtocol.swift */; };
		105394F525DAEEBB009EC607 /* MovieProtocol.swift in Sources */ = {isa = PBXBuildFile; fileRef = 105394F425DAEEBB009EC607 /* MovieProtocol.swift */; };
		105394FB25DAF07A009EC607 /* MovieFavoriteProtocol.swift in Sources */ = {isa = PBXBuildFile; fileRef = 105394FA25DAF07A009EC607 /* MovieFavoriteProtocol.swift */; };
		1053950725DAF7ED009EC607 /* SportsRepositoryProtocol.swift in Sources */ = {isa = PBXBuildFile; fileRef = 1053950625DAF7ED009EC607 /* SportsRepositoryProtocol.swift */; };
		1053950925DAF7FD009EC607 /* SportsDataSourceProtocol.swift in Sources */ = {isa = PBXBuildFile; fileRef = 1053950825DAF7FD009EC607 /* SportsDataSourceProtocol.swift */; };
		1053951025DAF921009EC607 /* DataSport.swift in Sources */ = {isa = PBXBuildFile; fileRef = 1053950F25DAF921009EC607 /* DataSport.swift */; };
		1053951225DAF962009EC607 /* SportModel.swift in Sources */ = {isa = PBXBuildFile; fileRef = 1053951125DAF962009EC607 /* SportModel.swift */; };
		1053951F25DAFDF9009EC607 /* SportsProtocol.swift in Sources */ = {isa = PBXBuildFile; fileRef = 1053951E25DAFDF9009EC607 /* SportsProtocol.swift */; };
		1053952325DAFE7F009EC607 /* SportsFavoriteProtocol.swift in Sources */ = {isa = PBXBuildFile; fileRef = 1053952225DAFE7F009EC607 /* SportsFavoriteProtocol.swift */; };
		1053952525DB0024009EC607 /* TravelRepositoryProtocol.swift in Sources */ = {isa = PBXBuildFile; fileRef = 1053952425DB0024009EC607 /* TravelRepositoryProtocol.swift */; };
		1053952725DB0037009EC607 /* TravelDataSourceProtocol.swift in Sources */ = {isa = PBXBuildFile; fileRef = 1053952625DB0037009EC607 /* TravelDataSourceProtocol.swift */; };
		1053952E25DB010A009EC607 /* DataTravel.swift in Sources */ = {isa = PBXBuildFile; fileRef = 1053952D25DB010A009EC607 /* DataTravel.swift */; };
		1053953025DB0C22009EC607 /* TravelModel.swift in Sources */ = {isa = PBXBuildFile; fileRef = 1053952F25DB0C22009EC607 /* TravelModel.swift */; };
		1053953525DB774D009EC607 /* TravelProtocol.swift in Sources */ = {isa = PBXBuildFile; fileRef = 1053953425DB774D009EC607 /* TravelProtocol.swift */; };
		1053953925DB776E009EC607 /* TravelFavoriteProtocol.swift in Sources */ = {isa = PBXBuildFile; fileRef = 1053953825DB776E009EC607 /* TravelFavoriteProtocol.swift */; };
		10DACF6F25D18F4400DED4D0 /* Core.framework in Frameworks */ = {isa = PBXBuildFile; fileRef = 10DACF6525D18F4300DED4D0 /* Core.framework */; };
		10DACF7425D18F4400DED4D0 /* CoreTests.swift in Sources */ = {isa = PBXBuildFile; fileRef = 10DACF7325D18F4400DED4D0 /* CoreTests.swift */; };
		10DACF7625D18F4400DED4D0 /* Core.h in Headers */ = {isa = PBXBuildFile; fileRef = 10DACF6825D18F4300DED4D0 /* Core.h */; settings = {ATTRIBUTES = (Public, ); }; };
		10F73F9725D99A3900C4A77A /* GameRepositoryProtocol.swift in Sources */ = {isa = PBXBuildFile; fileRef = 10F73F9625D99A3900C4A77A /* GameRepositoryProtocol.swift */; };
		10F73F9925D99A6F00C4A77A /* GameDataSourceProtocol.swift in Sources */ = {isa = PBXBuildFile; fileRef = 10F73F9825D99A6F00C4A77A /* GameDataSourceProtocol.swift */; };
		10F73FAF25D9A11400C4A77A /* GameModel.swift in Sources */ = {isa = PBXBuildFile; fileRef = 10F73FAE25D9A11400C4A77A /* GameModel.swift */; };
		10F73FB125D9A19800C4A77A /* DataGame.swift in Sources */ = {isa = PBXBuildFile; fileRef = 10F73FB025D9A19800C4A77A /* DataGame.swift */; };
		10F73FBC25D9A8C700C4A77A /* Common.framework in Frameworks */ = {isa = PBXBuildFile; fileRef = 10F73FBB25D9A8C700C4A77A /* Common.framework */; };
		10F73FBD25D9A8C700C4A77A /* Common.framework in Embed Frameworks */ = {isa = PBXBuildFile; fileRef = 10F73FBB25D9A8C700C4A77A /* Common.framework */; settings = {ATTRIBUTES = (CodeSignOnCopy, RemoveHeadersOnCopy, ); }; };
/* End PBXBuildFile section */

/* Begin PBXContainerItemProxy section */
		10DACF7025D18F4400DED4D0 /* PBXContainerItemProxy */ = {
			isa = PBXContainerItemProxy;
			containerPortal = 10DACF5C25D18F4300DED4D0 /* Project object */;
			proxyType = 1;
			remoteGlobalIDString = 10DACF6425D18F4300DED4D0;
			remoteInfo = Core;
		};
/* End PBXContainerItemProxy section */

/* Begin PBXCopyFilesBuildPhase section */
		10F73FBE25D9A8C700C4A77A /* Embed Frameworks */ = {
			isa = PBXCopyFilesBuildPhase;
			buildActionMask = 2147483647;
			dstPath = "";
			dstSubfolderSpec = 10;
			files = (
				10F73FBD25D9A8C700C4A77A /* Common.framework in Embed Frameworks */,
			);
			name = "Embed Frameworks";
			runOnlyForDeploymentPostprocessing = 0;
		};
/* End PBXCopyFilesBuildPhase section */

/* Begin PBXFileReference section */
		105394E525DAEACC009EC607 /* MovieDataSourceProtocol.swift */ = {isa = PBXFileReference; lastKnownFileType = sourcecode.swift; path = MovieDataSourceProtocol.swift; sourceTree = "<group>"; };
		105394E825DAEB24009EC607 /* DataMovie.swift */ = {isa = PBXFileReference; lastKnownFileType = sourcecode.swift; path = DataMovie.swift; sourceTree = "<group>"; };
		105394EA25DAEB34009EC607 /* MovieModel.swift */ = {isa = PBXFileReference; lastKnownFileType = sourcecode.swift; path = MovieModel.swift; sourceTree = "<group>"; };
		105394EC25DAEBF6009EC607 /* MovieRepositoryProtocol.swift */ = {isa = PBXFileReference; lastKnownFileType = sourcecode.swift; path = MovieRepositoryProtocol.swift; sourceTree = "<group>"; };
		105394F425DAEEBB009EC607 /* MovieProtocol.swift */ = {isa = PBXFileReference; lastKnownFileType = sourcecode.swift; path = MovieProtocol.swift; sourceTree = "<group>"; };
		105394FA25DAF07A009EC607 /* MovieFavoriteProtocol.swift */ = {isa = PBXFileReference; lastKnownFileType = sourcecode.swift; path = MovieFavoriteProtocol.swift; sourceTree = "<group>"; };
		1053950625DAF7ED009EC607 /* SportsRepositoryProtocol.swift */ = {isa = PBXFileReference; lastKnownFileType = sourcecode.swift; path = SportsRepositoryProtocol.swift; sourceTree = "<group>"; };
		1053950825DAF7FD009EC607 /* SportsDataSourceProtocol.swift */ = {isa = PBXFileReference; lastKnownFileType = sourcecode.swift; path = SportsDataSourceProtocol.swift; sourceTree = "<group>"; };
		1053950F25DAF921009EC607 /* DataSport.swift */ = {isa = PBXFileReference; lastKnownFileType = sourcecode.swift; path = DataSport.swift; sourceTree = "<group>"; };
		1053951125DAF962009EC607 /* SportModel.swift */ = {isa = PBXFileReference; lastKnownFileType = sourcecode.swift; path = SportModel.swift; sourceTree = "<group>"; };
		1053951E25DAFDF9009EC607 /* SportsProtocol.swift */ = {isa = PBXFileReference; lastKnownFileType = sourcecode.swift; path = SportsProtocol.swift; sourceTree = "<group>"; };
		1053952225DAFE7F009EC607 /* SportsFavoriteProtocol.swift */ = {isa = PBXFileReference; lastKnownFileType = sourcecode.swift; path = SportsFavoriteProtocol.swift; sourceTree = "<group>"; };
		1053952425DB0024009EC607 /* TravelRepositoryProtocol.swift */ = {isa = PBXFileReference; lastKnownFileType = sourcecode.swift; path = TravelRepositoryProtocol.swift; sourceTree = "<group>"; };
		1053952625DB0037009EC607 /* TravelDataSourceProtocol.swift */ = {isa = PBXFileReference; lastKnownFileType = sourcecode.swift; path = TravelDataSourceProtocol.swift; sourceTree = "<group>"; };
		1053952D25DB010A009EC607 /* DataTravel.swift */ = {isa = PBXFileReference; lastKnownFileType = sourcecode.swift; path = DataTravel.swift; sourceTree = "<group>"; };
		1053952F25DB0C22009EC607 /* TravelModel.swift */ = {isa = PBXFileReference; lastKnownFileType = sourcecode.swift; path = TravelModel.swift; sourceTree = "<group>"; };
		1053953425DB774D009EC607 /* TravelProtocol.swift */ = {isa = PBXFileReference; lastKnownFileType = sourcecode.swift; path = TravelProtocol.swift; sourceTree = "<group>"; };
		1053953825DB776E009EC607 /* TravelFavoriteProtocol.swift */ = {isa = PBXFileReference; lastKnownFileType = sourcecode.swift; path = TravelFavoriteProtocol.swift; sourceTree = "<group>"; };
		10DACF6525D18F4300DED4D0 /* Core.framework */ = {isa = PBXFileReference; explicitFileType = wrapper.framework; includeInIndex = 0; path = Core.framework; sourceTree = BUILT_PRODUCTS_DIR; };
		10DACF6825D18F4300DED4D0 /* Core.h */ = {isa = PBXFileReference; lastKnownFileType = sourcecode.c.h; path = Core.h; sourceTree = "<group>"; };
		10DACF6925D18F4300DED4D0 /* Info.plist */ = {isa = PBXFileReference; lastKnownFileType = text.plist.xml; path = Info.plist; sourceTree = "<group>"; };
		10DACF6E25D18F4400DED4D0 /* CoreTests.xctest */ = {isa = PBXFileReference; explicitFileType = wrapper.cfbundle; includeInIndex = 0; path = CoreTests.xctest; sourceTree = BUILT_PRODUCTS_DIR; };
		10DACF7325D18F4400DED4D0 /* CoreTests.swift */ = {isa = PBXFileReference; lastKnownFileType = sourcecode.swift; path = CoreTests.swift; sourceTree = "<group>"; };
		10DACF7525D18F4400DED4D0 /* Info.plist */ = {isa = PBXFileReference; lastKnownFileType = text.plist.xml; path = Info.plist; sourceTree = "<group>"; };
		10F73F9625D99A3900C4A77A /* GameRepositoryProtocol.swift */ = {isa = PBXFileReference; lastKnownFileType = sourcecode.swift; path = GameRepositoryProtocol.swift; sourceTree = "<group>"; };
		10F73F9825D99A6F00C4A77A /* GameDataSourceProtocol.swift */ = {isa = PBXFileReference; lastKnownFileType = sourcecode.swift; path = GameDataSourceProtocol.swift; sourceTree = "<group>"; };
		10F73FAE25D9A11400C4A77A /* GameModel.swift */ = {isa = PBXFileReference; lastKnownFileType = sourcecode.swift; path = GameModel.swift; sourceTree = "<group>"; };
		10F73FB025D9A19800C4A77A /* DataGame.swift */ = {isa = PBXFileReference; lastKnownFileType = sourcecode.swift; path = DataGame.swift; sourceTree = "<group>"; };
		10F73FBB25D9A8C700C4A77A /* Common.framework */ = {isa = PBXFileReference; explicitFileType = wrapper.framework; path = Common.framework; sourceTree = BUILT_PRODUCTS_DIR; };
		7833F4E6272BA1BBBDA70633 /* Pods_Core.framework */ = {isa = PBXFileReference; explicitFileType = wrapper.framework; includeInIndex = 0; path = Pods_Core.framework; sourceTree = BUILT_PRODUCTS_DIR; };
		9431E53BC733B15775C6F685 /* Pods-Core.release.xcconfig */ = {isa = PBXFileReference; includeInIndex = 1; lastKnownFileType = text.xcconfig; name = "Pods-Core.release.xcconfig"; path = "Target Support Files/Pods-Core/Pods-Core.release.xcconfig"; sourceTree = "<group>"; };
		AB24EE8D67BE49CAF0EDCD20 /* Pods-Core.debug.xcconfig */ = {isa = PBXFileReference; includeInIndex = 1; lastKnownFileType = text.xcconfig; name = "Pods-Core.debug.xcconfig"; path = "Target Support Files/Pods-Core/Pods-Core.debug.xcconfig"; sourceTree = "<group>"; };
/* End PBXFileReference section */

/* Begin PBXFrameworksBuildPhase section */
		10DACF6225D18F4300DED4D0 /* Frameworks */ = {
			isa = PBXFrameworksBuildPhase;
			buildActionMask = 2147483647;
			files = (
				00B0B6BBEA27D55AA6F990FB /* Pods_Core.framework in Frameworks */,
				10F73FBC25D9A8C700C4A77A /* Common.framework in Frameworks */,
			);
			runOnlyForDeploymentPostprocessing = 0;
		};
		10DACF6B25D18F4400DED4D0 /* Frameworks */ = {
			isa = PBXFrameworksBuildPhase;
			buildActionMask = 2147483647;
			files = (
				10DACF6F25D18F4400DED4D0 /* Core.framework in Frameworks */,
			);
			runOnlyForDeploymentPostprocessing = 0;
		};
/* End PBXFrameworksBuildPhase section */

/* Begin PBXGroup section */
		105394BA25DAB079009EC607 /* Game */ = {
			isa = PBXGroup;
			children = (
				10F73FAE25D9A11400C4A77A /* GameModel.swift */,
				10F73FB025D9A19800C4A77A /* DataGame.swift */,
			);
			path = Game;
			sourceTree = "<group>";
		};
		105394E725DAEB16009EC607 /* Movie */ = {
			isa = PBXGroup;
			children = (
				105394E825DAEB24009EC607 /* DataMovie.swift */,
				105394EA25DAEB34009EC607 /* MovieModel.swift */,
			);
			path = Movie;
			sourceTree = "<group>";
		};
		105394F225DAEE77009EC607 /* UseCase */ = {
			isa = PBXGroup;
			children = (
				1053957625DC3DC1009EC607 /* Game */,
				1053953325DB7732009EC607 /* Travel */,
				1053951D25DAFDEA009EC607 /* Sport */,
				105394F325DAEE9B009EC607 /* Movie */,
			);
			path = UseCase;
			sourceTree = "<group>";
		};
		105394F325DAEE9B009EC607 /* Movie */ = {
			isa = PBXGroup;
			children = (
				105394F425DAEEBB009EC607 /* MovieProtocol.swift */,
				105394FA25DAF07A009EC607 /* MovieFavoriteProtocol.swift */,
			);
			path = Movie;
			sourceTree = "<group>";
		};
		1053950E25DAF90F009EC607 /* Sport */ = {
			isa = PBXGroup;
			children = (
				1053950F25DAF921009EC607 /* DataSport.swift */,
				1053951125DAF962009EC607 /* SportModel.swift */,
			);
			path = Sport;
			sourceTree = "<group>";
		};
		1053951D25DAFDEA009EC607 /* Sport */ = {
			isa = PBXGroup;
			children = (
				1053951E25DAFDF9009EC607 /* SportsProtocol.swift */,
				1053952225DAFE7F009EC607 /* SportsFavoriteProtocol.swift */,
			);
			path = Sport;
			sourceTree = "<group>";
		};
		1053952C25DB00F4009EC607 /* Travel */ = {
			isa = PBXGroup;
			children = (
				1053952D25DB010A009EC607 /* DataTravel.swift */,
				1053952F25DB0C22009EC607 /* TravelModel.swift */,
			);
			path = Travel;
			sourceTree = "<group>";
		};
		1053953325DB7732009EC607 /* Travel */ = {
			isa = PBXGroup;
			children = (
				1053953425DB774D009EC607 /* TravelProtocol.swift */,
				1053953825DB776E009EC607 /* TravelFavoriteProtocol.swift */,
			);
			path = Travel;
			sourceTree = "<group>";
		};
		1053957625DC3DC1009EC607 /* Game */ = {
			isa = PBXGroup;
			children = (
			);
			path = Game;
			sourceTree = "<group>";
		};
		10DACF5B25D18F4300DED4D0 = {
			isa = PBXGroup;
			children = (
				10DACF6725D18F4300DED4D0 /* Core */,
				10DACF7225D18F4400DED4D0 /* CoreTests */,
				10DACF6625D18F4300DED4D0 /* Products */,
				69A1DBF7F8A78467D971D1B1 /* Pods */,
				6995AE250C42F94AE7A0AC3F /* Frameworks */,
			);
			sourceTree = "<group>";
		};
		10DACF6625D18F4300DED4D0 /* Products */ = {
			isa = PBXGroup;
			children = (
				10DACF6525D18F4300DED4D0 /* Core.framework */,
				10DACF6E25D18F4400DED4D0 /* CoreTests.xctest */,
			);
			name = Products;
			sourceTree = "<group>";
		};
		10DACF6725D18F4300DED4D0 /* Core */ = {
			isa = PBXGroup;
			children = (
				10F73FAD25D9A0E800C4A77A /* Domain */,
				10F73F9325D998FF00C4A77A /* Data */,
				10DACF6825D18F4300DED4D0 /* Core.h */,
				10DACF6925D18F4300DED4D0 /* Info.plist */,
			);
			path = Core;
			sourceTree = "<group>";
		};
		10DACF7225D18F4400DED4D0 /* CoreTests */ = {
			isa = PBXGroup;
			children = (
				10DACF7325D18F4400DED4D0 /* CoreTests.swift */,
				10DACF7525D18F4400DED4D0 /* Info.plist */,
			);
			path = CoreTests;
			sourceTree = "<group>";
		};
		10F73F9325D998FF00C4A77A /* Data */ = {
			isa = PBXGroup;
			children = (
				10F73F9425D9994500C4A77A /* Remote */,
			);
			path = Data;
			sourceTree = "<group>";
		};
		10F73F9425D9994500C4A77A /* Remote */ = {
			isa = PBXGroup;
			children = (
				10F73F9525D99A0E00C4A77A /* Response */,
				10F73F9825D99A6F00C4A77A /* GameDataSourceProtocol.swift */,
				105394E525DAEACC009EC607 /* MovieDataSourceProtocol.swift */,
				1053950825DAF7FD009EC607 /* SportsDataSourceProtocol.swift */,
				1053952625DB0037009EC607 /* TravelDataSourceProtocol.swift */,
			);
			path = Remote;
			sourceTree = "<group>";
		};
		10F73F9525D99A0E00C4A77A /* Response */ = {
			isa = PBXGroup;
			children = (
				10F73F9625D99A3900C4A77A /* GameRepositoryProtocol.swift */,
				105394EC25DAEBF6009EC607 /* MovieRepositoryProtocol.swift */,
				1053950625DAF7ED009EC607 /* SportsRepositoryProtocol.swift */,
				1053952425DB0024009EC607 /* TravelRepositoryProtocol.swift */,
			);
			path = Response;
			sourceTree = "<group>";
		};
		10F73FAD25D9A0E800C4A77A /* Domain */ = {
			isa = PBXGroup;
			children = (
				105394F225DAEE77009EC607 /* UseCase */,
				1053952C25DB00F4009EC607 /* Travel */,
				1053950E25DAF90F009EC607 /* Sport */,
				105394E725DAEB16009EC607 /* Movie */,
				105394BA25DAB079009EC607 /* Game */,
			);
			path = Domain;
			sourceTree = "<group>";
		};
		6995AE250C42F94AE7A0AC3F /* Frameworks */ = {
			isa = PBXGroup;
			children = (
				10F73FBB25D9A8C700C4A77A /* Common.framework */,
				7833F4E6272BA1BBBDA70633 /* Pods_Core.framework */,
			);
			name = Frameworks;
			sourceTree = "<group>";
		};
		69A1DBF7F8A78467D971D1B1 /* Pods */ = {
			isa = PBXGroup;
			children = (
				AB24EE8D67BE49CAF0EDCD20 /* Pods-Core.debug.xcconfig */,
				9431E53BC733B15775C6F685 /* Pods-Core.release.xcconfig */,
			);
			name = Pods;
			path = ../Pods;
			sourceTree = "<group>";
		};
/* End PBXGroup section */

/* Begin PBXHeadersBuildPhase section */
		10DACF6025D18F4300DED4D0 /* Headers */ = {
			isa = PBXHeadersBuildPhase;
			buildActionMask = 2147483647;
			files = (
				10DACF7625D18F4400DED4D0 /* Core.h in Headers */,
			);
			runOnlyForDeploymentPostprocessing = 0;
		};
/* End PBXHeadersBuildPhase section */

/* Begin PBXNativeTarget section */
		10DACF6425D18F4300DED4D0 /* Core */ = {
			isa = PBXNativeTarget;
			buildConfigurationList = 10DACF7925D18F4400DED4D0 /* Build configuration list for PBXNativeTarget "Core" */;
			buildPhases = (
				8EDA73FB8F8D311EA042561F /* [CP] Check Pods Manifest.lock */,
				10DACF6025D18F4300DED4D0 /* Headers */,
				10DACF6125D18F4300DED4D0 /* Sources */,
				10DACF6225D18F4300DED4D0 /* Frameworks */,
				10DACF6325D18F4300DED4D0 /* Resources */,
				10F73FBE25D9A8C700C4A77A /* Embed Frameworks */,
			);
			buildRules = (
			);
			dependencies = (
			);
			name = Core;
			packageProductDependencies = (
			);
			productName = Core;
			productReference = 10DACF6525D18F4300DED4D0 /* Core.framework */;
			productType = "com.apple.product-type.framework";
		};
		10DACF6D25D18F4400DED4D0 /* CoreTests */ = {
			isa = PBXNativeTarget;
			buildConfigurationList = 10DACF7C25D18F4400DED4D0 /* Build configuration list for PBXNativeTarget "CoreTests" */;
			buildPhases = (
				10DACF6A25D18F4400DED4D0 /* Sources */,
				10DACF6B25D18F4400DED4D0 /* Frameworks */,
				10DACF6C25D18F4400DED4D0 /* Resources */,
			);
			buildRules = (
			);
			dependencies = (
				10DACF7125D18F4400DED4D0 /* PBXTargetDependency */,
			);
			name = CoreTests;
			productName = CoreTests;
			productReference = 10DACF6E25D18F4400DED4D0 /* CoreTests.xctest */;
			productType = "com.apple.product-type.bundle.unit-test";
		};
/* End PBXNativeTarget section */

/* Begin PBXProject section */
		10DACF5C25D18F4300DED4D0 /* Project object */ = {
			isa = PBXProject;
			attributes = {
				LastSwiftUpdateCheck = 1130;
				LastUpgradeCheck = 1230;
				ORGANIZATIONNAME = "Kelvin HT";
				TargetAttributes = {
					10DACF6425D18F4300DED4D0 = {
						CreatedOnToolsVersion = 11.3.1;
						LastSwiftMigration = 1130;
					};
					10DACF6D25D18F4400DED4D0 = {
						CreatedOnToolsVersion = 11.3.1;
					};
				};
			};
			buildConfigurationList = 10DACF5F25D18F4300DED4D0 /* Build configuration list for PBXProject "Core" */;
			compatibilityVersion = "Xcode 9.3";
			developmentRegion = en;
			hasScannedForEncodings = 0;
			knownRegions = (
				en,
				Base,
			);
			mainGroup = 10DACF5B25D18F4300DED4D0;
			packageReferences = (
			);
			productRefGroup = 10DACF6625D18F4300DED4D0 /* Products */;
			projectDirPath = "";
			projectRoot = "";
			targets = (
				10DACF6425D18F4300DED4D0 /* Core */,
				10DACF6D25D18F4400DED4D0 /* CoreTests */,
			);
		};
/* End PBXProject section */

/* Begin PBXResourcesBuildPhase section */
		10DACF6325D18F4300DED4D0 /* Resources */ = {
			isa = PBXResourcesBuildPhase;
			buildActionMask = 2147483647;
			files = (
			);
			runOnlyForDeploymentPostprocessing = 0;
		};
		10DACF6C25D18F4400DED4D0 /* Resources */ = {
			isa = PBXResourcesBuildPhase;
			buildActionMask = 2147483647;
			files = (
			);
			runOnlyForDeploymentPostprocessing = 0;
		};
/* End PBXResourcesBuildPhase section */

/* Begin PBXShellScriptBuildPhase section */
		8EDA73FB8F8D311EA042561F /* [CP] Check Pods Manifest.lock */ = {
			isa = PBXShellScriptBuildPhase;
			buildActionMask = 2147483647;
			files = (
			);
			inputFileListPaths = (
			);
			inputPaths = (
				"${PODS_PODFILE_DIR_PATH}/Podfile.lock",
				"${PODS_ROOT}/Manifest.lock",
			);
			name = "[CP] Check Pods Manifest.lock";
			outputFileListPaths = (
			);
			outputPaths = (
				"$(DERIVED_FILE_DIR)/Pods-Core-checkManifestLockResult.txt",
			);
			runOnlyForDeploymentPostprocessing = 0;
			shellPath = /bin/sh;
			shellScript = "diff \"${PODS_PODFILE_DIR_PATH}/Podfile.lock\" \"${PODS_ROOT}/Manifest.lock\" > /dev/null\nif [ $? != 0 ] ; then\n    # print error to STDERR\n    echo \"error: The sandbox is not in sync with the Podfile.lock. Run 'pod install' or update your CocoaPods installation.\" >&2\n    exit 1\nfi\n# This output is used by Xcode 'outputs' to avoid re-running this script phase.\necho \"SUCCESS\" > \"${SCRIPT_OUTPUT_FILE_0}\"\n";
			showEnvVarsInLog = 0;
		};
/* End PBXShellScriptBuildPhase section */

/* Begin PBXSourcesBuildPhase section */
		10DACF6125D18F4300DED4D0 /* Sources */ = {
			isa = PBXSourcesBuildPhase;
			buildActionMask = 2147483647;
			files = (
				1053952325DAFE7F009EC607 /* SportsFavoriteProtocol.swift in Sources */,
				1053951F25DAFDF9009EC607 /* SportsProtocol.swift in Sources */,
				10F73F9925D99A6F00C4A77A /* GameDataSourceProtocol.swift in Sources */,
				10F73FB125D9A19800C4A77A /* DataGame.swift in Sources */,
				105394EB25DAEB34009EC607 /* MovieModel.swift in Sources */,
				1053953525DB774D009EC607 /* TravelProtocol.swift in Sources */,
				1053953025DB0C22009EC607 /* TravelModel.swift in Sources */,
				10F73F9725D99A3900C4A77A /* GameRepositoryProtocol.swift in Sources */,
				1053950925DAF7FD009EC607 /* SportsDataSourceProtocol.swift in Sources */,
				105394E925DAEB24009EC607 /* DataMovie.swift in Sources */,
				10F73FAF25D9A11400C4A77A /* GameModel.swift in Sources */,
				105394FB25DAF07A009EC607 /* MovieFavoriteProtocol.swift in Sources */,
				1053950725DAF7ED009EC607 /* SportsRepositoryProtocol.swift in Sources */,
				1053952E25DB010A009EC607 /* DataTravel.swift in Sources */,
				1053951225DAF962009EC607 /* SportModel.swift in Sources */,
				105394E625DAEACC009EC607 /* MovieDataSourceProtocol.swift in Sources */,
				105394F525DAEEBB009EC607 /* MovieProtocol.swift in Sources */,
				1053952525DB0024009EC607 /* TravelRepositoryProtocol.swift in Sources */,
				1053952725DB0037009EC607 /* TravelDataSourceProtocol.swift in Sources */,
				105394ED25DAEBF6009EC607 /* MovieRepositoryProtocol.swift in Sources */,
				1053951025DAF921009EC607 /* DataSport.swift in Sources */,
				1053953925DB776E009EC607 /* TravelFavoriteProtocol.swift in Sources */,
			);
			runOnlyForDeploymentPostprocessing = 0;
		};
		10DACF6A25D18F4400DED4D0 /* Sources */ = {
			isa = PBXSourcesBuildPhase;
			buildActionMask = 2147483647;
			files = (
				10DACF7425D18F4400DED4D0 /* CoreTests.swift in Sources */,
			);
			runOnlyForDeploymentPostprocessing = 0;
		};
/* End PBXSourcesBuildPhase section */

/* Begin PBXTargetDependency section */
		10DACF7125D18F4400DED4D0 /* PBXTargetDependency */ = {
			isa = PBXTargetDependency;
			target = 10DACF6425D18F4300DED4D0 /* Core */;
			targetProxy = 10DACF7025D18F4400DED4D0 /* PBXContainerItemProxy */;
		};
/* End PBXTargetDependency section */

/* Begin XCBuildConfiguration section */
		10DACF7725D18F4400DED4D0 /* Debug */ = {
			isa = XCBuildConfiguration;
			buildSettings = {
				ALWAYS_SEARCH_USER_PATHS = NO;
				CLANG_ANALYZER_NONNULL = YES;
				CLANG_ANALYZER_NUMBER_OBJECT_CONVERSION = YES_AGGRESSIVE;
				CLANG_CXX_LANGUAGE_STANDARD = "gnu++14";
				CLANG_CXX_LIBRARY = "libc++";
				CLANG_ENABLE_MODULES = YES;
				CLANG_ENABLE_OBJC_ARC = YES;
				CLANG_ENABLE_OBJC_WEAK = YES;
				CLANG_WARN_BLOCK_CAPTURE_AUTORELEASING = YES;
				CLANG_WARN_BOOL_CONVERSION = YES;
				CLANG_WARN_COMMA = YES;
				CLANG_WARN_CONSTANT_CONVERSION = YES;
				CLANG_WARN_DEPRECATED_OBJC_IMPLEMENTATIONS = YES;
				CLANG_WARN_DIRECT_OBJC_ISA_USAGE = YES_ERROR;
				CLANG_WARN_DOCUMENTATION_COMMENTS = YES;
				CLANG_WARN_EMPTY_BODY = YES;
				CLANG_WARN_ENUM_CONVERSION = YES;
				CLANG_WARN_INFINITE_RECURSION = YES;
				CLANG_WARN_INT_CONVERSION = YES;
				CLANG_WARN_NON_LITERAL_NULL_CONVERSION = YES;
				CLANG_WARN_OBJC_IMPLICIT_RETAIN_SELF = YES;
				CLANG_WARN_OBJC_LITERAL_CONVERSION = YES;
				CLANG_WARN_OBJC_ROOT_CLASS = YES_ERROR;
				CLANG_WARN_QUOTED_INCLUDE_IN_FRAMEWORK_HEADER = YES;
				CLANG_WARN_RANGE_LOOP_ANALYSIS = YES;
				CLANG_WARN_STRICT_PROTOTYPES = YES;
				CLANG_WARN_SUSPICIOUS_MOVE = YES;
				CLANG_WARN_UNGUARDED_AVAILABILITY = YES_AGGRESSIVE;
				CLANG_WARN_UNREACHABLE_CODE = YES;
				CLANG_WARN__DUPLICATE_METHOD_MATCH = YES;
				COPY_PHASE_STRIP = NO;
				CURRENT_PROJECT_VERSION = 1;
				DEBUG_INFORMATION_FORMAT = dwarf;
				ENABLE_STRICT_OBJC_MSGSEND = YES;
				ENABLE_TESTABILITY = YES;
				GCC_C_LANGUAGE_STANDARD = gnu11;
				GCC_DYNAMIC_NO_PIC = NO;
				GCC_NO_COMMON_BLOCKS = YES;
				GCC_OPTIMIZATION_LEVEL = 0;
				GCC_PREPROCESSOR_DEFINITIONS = (
					"DEBUG=1",
					"$(inherited)",
				);
				GCC_WARN_64_TO_32_BIT_CONVERSION = YES;
				GCC_WARN_ABOUT_RETURN_TYPE = YES_ERROR;
				GCC_WARN_UNDECLARED_SELECTOR = YES;
				GCC_WARN_UNINITIALIZED_AUTOS = YES_AGGRESSIVE;
				GCC_WARN_UNUSED_FUNCTION = YES;
				GCC_WARN_UNUSED_VARIABLE = YES;
				IPHONEOS_DEPLOYMENT_TARGET = 13.2;
				MTL_ENABLE_DEBUG_INFO = INCLUDE_SOURCE;
				MTL_FAST_MATH = YES;
				ONLY_ACTIVE_ARCH = YES;
				SDKROOT = iphoneos;
				SWIFT_ACTIVE_COMPILATION_CONDITIONS = DEBUG;
				SWIFT_OPTIMIZATION_LEVEL = "-Onone";
				VERSIONING_SYSTEM = "apple-generic";
				VERSION_INFO_PREFIX = "";
			};
			name = Debug;
		};
		10DACF7825D18F4400DED4D0 /* Release */ = {
			isa = XCBuildConfiguration;
			buildSettings = {
				ALWAYS_SEARCH_USER_PATHS = NO;
				CLANG_ANALYZER_NONNULL = YES;
				CLANG_ANALYZER_NUMBER_OBJECT_CONVERSION = YES_AGGRESSIVE;
				CLANG_CXX_LANGUAGE_STANDARD = "gnu++14";
				CLANG_CXX_LIBRARY = "libc++";
				CLANG_ENABLE_MODULES = YES;
				CLANG_ENABLE_OBJC_ARC = YES;
				CLANG_ENABLE_OBJC_WEAK = YES;
				CLANG_WARN_BLOCK_CAPTURE_AUTORELEASING = YES;
				CLANG_WARN_BOOL_CONVERSION = YES;
				CLANG_WARN_COMMA = YES;
				CLANG_WARN_CONSTANT_CONVERSION = YES;
				CLANG_WARN_DEPRECATED_OBJC_IMPLEMENTATIONS = YES;
				CLANG_WARN_DIRECT_OBJC_ISA_USAGE = YES_ERROR;
				CLANG_WARN_DOCUMENTATION_COMMENTS = YES;
				CLANG_WARN_EMPTY_BODY = YES;
				CLANG_WARN_ENUM_CONVERSION = YES;
				CLANG_WARN_INFINITE_RECURSION = YES;
				CLANG_WARN_INT_CONVERSION = YES;
				CLANG_WARN_NON_LITERAL_NULL_CONVERSION = YES;
				CLANG_WARN_OBJC_IMPLICIT_RETAIN_SELF = YES;
				CLANG_WARN_OBJC_LITERAL_CONVERSION = YES;
				CLANG_WARN_OBJC_ROOT_CLASS = YES_ERROR;
				CLANG_WARN_QUOTED_INCLUDE_IN_FRAMEWORK_HEADER = YES;
				CLANG_WARN_RANGE_LOOP_ANALYSIS = YES;
				CLANG_WARN_STRICT_PROTOTYPES = YES;
				CLANG_WARN_SUSPICIOUS_MOVE = YES;
				CLANG_WARN_UNGUARDED_AVAILABILITY = YES_AGGRESSIVE;
				CLANG_WARN_UNREACHABLE_CODE = YES;
				CLANG_WARN__DUPLICATE_METHOD_MATCH = YES;
				COPY_PHASE_STRIP = NO;
				CURRENT_PROJECT_VERSION = 1;
				DEBUG_INFORMATION_FORMAT = "dwarf-with-dsym";
				ENABLE_NS_ASSERTIONS = NO;
				ENABLE_STRICT_OBJC_MSGSEND = YES;
				GCC_C_LANGUAGE_STANDARD = gnu11;
				GCC_NO_COMMON_BLOCKS = YES;
				GCC_WARN_64_TO_32_BIT_CONVERSION = YES;
				GCC_WARN_ABOUT_RETURN_TYPE = YES_ERROR;
				GCC_WARN_UNDECLARED_SELECTOR = YES;
				GCC_WARN_UNINITIALIZED_AUTOS = YES_AGGRESSIVE;
				GCC_WARN_UNUSED_FUNCTION = YES;
				GCC_WARN_UNUSED_VARIABLE = YES;
				IPHONEOS_DEPLOYMENT_TARGET = 13.2;
				MTL_ENABLE_DEBUG_INFO = NO;
				MTL_FAST_MATH = YES;
				SDKROOT = iphoneos;
				SWIFT_COMPILATION_MODE = wholemodule;
				SWIFT_OPTIMIZATION_LEVEL = "-O";
				VALIDATE_PRODUCT = YES;
				VERSIONING_SYSTEM = "apple-generic";
				VERSION_INFO_PREFIX = "";
			};
			name = Release;
		};
		10DACF7A25D18F4400DED4D0 /* Debug */ = {
			isa = XCBuildConfiguration;
			baseConfigurationReference = AB24EE8D67BE49CAF0EDCD20 /* Pods-Core.debug.xcconfig */;
			buildSettings = {
				CLANG_ENABLE_MODULES = YES;
				CODE_SIGN_STYLE = Automatic;
				DEFINES_MODULE = YES;
				DYLIB_COMPATIBILITY_VERSION = 1;
				DYLIB_CURRENT_VERSION = 1;
				DYLIB_INSTALL_NAME_BASE = "@rpath";
				INFOPLIST_FILE = Core/Info.plist;
				INSTALL_PATH = "$(LOCAL_LIBRARY_DIR)/Frameworks";
				LD_RUNPATH_SEARCH_PATHS = (
					"$(inherited)",
					"@executable_path/Frameworks",
					"@loader_path/Frameworks",
				);
				PRODUCT_BUNDLE_IDENTIFIER = com.algokelvin.Core;
				PRODUCT_NAME = "$(TARGET_NAME:c99extidentifier)";
				SKIP_INSTALL = YES;
				SWIFT_OPTIMIZATION_LEVEL = "-Onone";
				SWIFT_VERSION = 5.0;
				TARGETED_DEVICE_FAMILY = "1,2";
			};
			name = Debug;
		};
		10DACF7B25D18F4400DED4D0 /* Release */ = {
			isa = XCBuildConfiguration;
			baseConfigurationReference = 9431E53BC733B15775C6F685 /* Pods-Core.release.xcconfig */;
			buildSettings = {
				CLANG_ENABLE_MODULES = YES;
				CODE_SIGN_STYLE = Automatic;
				DEFINES_MODULE = YES;
				DYLIB_COMPATIBILITY_VERSION = 1;
				DYLIB_CURRENT_VERSION = 1;
				DYLIB_INSTALL_NAME_BASE = "@rpath";
				INFOPLIST_FILE = Core/Info.plist;
				INSTALL_PATH = "$(LOCAL_LIBRARY_DIR)/Frameworks";
				LD_RUNPATH_SEARCH_PATHS = (
					"$(inherited)",
					"@executable_path/Frameworks",
					"@loader_path/Frameworks",
				);
				PRODUCT_BUNDLE_IDENTIFIER = com.algokelvin.Core;
				PRODUCT_NAME = "$(TARGET_NAME:c99extidentifier)";
				SKIP_INSTALL = YES;
				SWIFT_VERSION = 5.0;
				TARGETED_DEVICE_FAMILY = "1,2";
			};
			name = Release;
		};
		10DACF7D25D18F4400DED4D0 /* Debug */ = {
			isa = XCBuildConfiguration;
			buildSettings = {
				ALWAYS_EMBED_SWIFT_STANDARD_LIBRARIES = YES;
				CODE_SIGN_STYLE = Automatic;
				INFOPLIST_FILE = CoreTests/Info.plist;
				LD_RUNPATH_SEARCH_PATHS = (
					"$(inherited)",
					"@executable_path/Frameworks",
					"@loader_path/Frameworks",
				);
				PRODUCT_BUNDLE_IDENTIFIER = com.algokelvin.CoreTests;
				PRODUCT_NAME = "$(TARGET_NAME)";
				SWIFT_VERSION = 5.0;
				TARGETED_DEVICE_FAMILY = "1,2";
			};
			name = Debug;
		};
		10DACF7E25D18F4400DED4D0 /* Release */ = {
			isa = XCBuildConfiguration;
			buildSettings = {
				ALWAYS_EMBED_SWIFT_STANDARD_LIBRARIES = YES;
				CODE_SIGN_STYLE = Automatic;
				INFOPLIST_FILE = CoreTests/Info.plist;
				LD_RUNPATH_SEARCH_PATHS = (
					"$(inherited)",
					"@executable_path/Frameworks",
					"@loader_path/Frameworks",
				);
				PRODUCT_BUNDLE_IDENTIFIER = com.algokelvin.CoreTests;
				PRODUCT_NAME = "$(TARGET_NAME)";
				SWIFT_VERSION = 5.0;
				TARGETED_DEVICE_FAMILY = "1,2";
			};
			name = Release;
		};
/* End XCBuildConfiguration section */

/* Begin XCConfigurationList section */
		10DACF5F25D18F4300DED4D0 /* Build configuration list for PBXProject "Core" */ = {
			isa = XCConfigurationList;
			buildConfigurations = (
				10DACF7725D18F4400DED4D0 /* Debug */,
				10DACF7825D18F4400DED4D0 /* Release */,
			);
			defaultConfigurationIsVisible = 0;
			defaultConfigurationName = Release;
		};
		10DACF7925D18F4400DED4D0 /* Build configuration list for PBXNativeTarget "Core" */ = {
			isa = XCConfigurationList;
			buildConfigurations = (
				10DACF7A25D18F4400DED4D0 /* Debug */,
				10DACF7B25D18F4400DED4D0 /* Release */,
			);
			defaultConfigurationIsVisible = 0;
			defaultConfigurationName = Release;
		};
		10DACF7C25D18F4400DED4D0 /* Build configuration list for PBXNativeTarget "CoreTests" */ = {
			isa = XCConfigurationList;
			buildConfigurations = (
				10DACF7D25D18F4400DED4D0 /* Debug */,
				10DACF7E25D18F4400DED4D0 /* Release */,
			);
			defaultConfigurationIsVisible = 0;
			defaultConfigurationName = Release;
		};
/* End XCConfigurationList section */
	};
	rootObject = 10DACF5C25D18F4300DED4D0 /* Project object */;
}
